// !$*UTF8*$!
{
	archiveVersion = 1;
	classes = {
	};
	objectVersion = 56;
	objects = {

/* Begin PBXBuildFile section */
		0110CDA57750CF601D37E6E3 /* Pods_My_Spotify.framework in Frameworks */ = {isa = PBXBuildFile; fileRef = 511D686C12192AA0A88331D3 /* Pods_My_Spotify.framework */; };
		230271C32A541B6A006F09BF /* APIManager.swift in Sources */ = {isa = PBXBuildFile; fileRef = 230271C22A541B6A006F09BF /* APIManager.swift */; };
		230271C52A541BA4006F09BF /* APIManager+Request.swift in Sources */ = {isa = PBXBuildFile; fileRef = 230271C42A541BA4006F09BF /* APIManager+Request.swift */; };
		230271C72A541BD0006F09BF /* APIManager+ Error.swift in Sources */ = {isa = PBXBuildFile; fileRef = 230271C62A541BD0006F09BF /* APIManager+ Error.swift */; };
		230271CD2A541F9A006F09BF /* Dynamics.swift in Sources */ = {isa = PBXBuildFile; fileRef = 230271CC2A541F9A006F09BF /* Dynamics.swift */; };
		230271CF2A542056006F09BF /* APIManager+EndPoints.swift in Sources */ = {isa = PBXBuildFile; fileRef = 230271CE2A542056006F09BF /* APIManager+EndPoints.swift */; };
		2395AF2E2A5434870003B93B /* APIManager+ErrorHandler.swift in Sources */ = {isa = PBXBuildFile; fileRef = 2395AF2D2A5434870003B93B /* APIManager+ErrorHandler.swift */; };
		E8B376002A53F6BE006107FD /* AppDelegate.swift in Sources */ = {isa = PBXBuildFile; fileRef = E8B375FF2A53F6BE006107FD /* AppDelegate.swift */; };
		E8B376022A53F6BE006107FD /* SceneDelegate.swift in Sources */ = {isa = PBXBuildFile; fileRef = E8B376012A53F6BE006107FD /* SceneDelegate.swift */; };
		E8B376042A53F6BE006107FD /* HomeVC.swift in Sources */ = {isa = PBXBuildFile; fileRef = E8B376032A53F6BE006107FD /* HomeVC.swift */; };
		E8B376072A53F6BE006107FD /* Home.storyboard in Resources */ = {isa = PBXBuildFile; fileRef = E8B376052A53F6BE006107FD /* Home.storyboard */; };
		E8B376092A53F6BF006107FD /* Assets.xcassets in Resources */ = {isa = PBXBuildFile; fileRef = E8B376082A53F6BF006107FD /* Assets.xcassets */; };
		E8B3760C2A53F6BF006107FD /* LaunchScreen.storyboard in Resources */ = {isa = PBXBuildFile; fileRef = E8B3760A2A53F6BF006107FD /* LaunchScreen.storyboard */; };
		E8B3761B2A53F961006107FD /* AppCoordinator.swift in Sources */ = {isa = PBXBuildFile; fileRef = E8B3761A2A53F961006107FD /* AppCoordinator.swift */; };
		E8B3761D2A53F987006107FD /* Coordinator.swift in Sources */ = {isa = PBXBuildFile; fileRef = E8B3761C2A53F987006107FD /* Coordinator.swift */; };
		E8B3761F2A53F9A0006107FD /* Storyboarded.swift in Sources */ = {isa = PBXBuildFile; fileRef = E8B3761E2A53F9A0006107FD /* Storyboarded.swift */; };
		E8B376212A53FABF006107FD /* HomeCoordinator.swift in Sources */ = {isa = PBXBuildFile; fileRef = E8B376202A53FABF006107FD /* HomeCoordinator.swift */; };
		E8D6D4C62A55284300D2D965 /* Auth.storyboard in Resources */ = {isa = PBXBuildFile; fileRef = E8D6D4C52A55284300D2D965 /* Auth.storyboard */; };
		E8D6D4C82A55333800D2D965 /* AuthVC.swift in Sources */ = {isa = PBXBuildFile; fileRef = E8D6D4C72A55333800D2D965 /* AuthVC.swift */; };
		E8D6D4CA2A55336500D2D965 /* AuthCoordinator.swift in Sources */ = {isa = PBXBuildFile; fileRef = E8D6D4C92A55336500D2D965 /* AuthCoordinator.swift */; };
		E8D6D4CC2A5533E000D2D965 /* AuthViewModel.swift in Sources */ = {isa = PBXBuildFile; fileRef = E8D6D4CB2A5533E000D2D965 /* AuthViewModel.swift */; };
		E8D6D4CF2A5535D500D2D965 /* UIViewController+extentions.swift in Sources */ = {isa = PBXBuildFile; fileRef = E8D6D4CE2A5535D500D2D965 /* UIViewController+extentions.swift */; };
		E8D6D4D22A5537C500D2D965 /* AppConstants.swift in Sources */ = {isa = PBXBuildFile; fileRef = E8D6D4D12A5537C500D2D965 /* AppConstants.swift */; };
		E8D6D4D52A55469700D2D965 /* AuthModel.swift in Sources */ = {isa = PBXBuildFile; fileRef = E8D6D4D42A55469700D2D965 /* AuthModel.swift */; };
		E8D6D4D72A554D3A00D2D965 /* URL+extentions.swift in Sources */ = {isa = PBXBuildFile; fileRef = E8D6D4D62A554D3A00D2D965 /* URL+extentions.swift */; };
/* End PBXBuildFile section */

/* Begin PBXFileReference section */
		230271C22A541B6A006F09BF /* APIManager.swift */ = {isa = PBXFileReference; lastKnownFileType = sourcecode.swift; path = APIManager.swift; sourceTree = "<group>"; };
		230271C42A541BA4006F09BF /* APIManager+Request.swift */ = {isa = PBXFileReference; lastKnownFileType = sourcecode.swift; path = "APIManager+Request.swift"; sourceTree = "<group>"; };
		230271C62A541BD0006F09BF /* APIManager+ Error.swift */ = {isa = PBXFileReference; lastKnownFileType = sourcecode.swift; path = "APIManager+ Error.swift"; sourceTree = "<group>"; };
		230271CC2A541F9A006F09BF /* Dynamics.swift */ = {isa = PBXFileReference; lastKnownFileType = sourcecode.swift; path = Dynamics.swift; sourceTree = "<group>"; };
		230271CE2A542056006F09BF /* APIManager+EndPoints.swift */ = {isa = PBXFileReference; lastKnownFileType = sourcecode.swift; path = "APIManager+EndPoints.swift"; sourceTree = "<group>"; };
		2395AF2D2A5434870003B93B /* APIManager+ErrorHandler.swift */ = {isa = PBXFileReference; lastKnownFileType = sourcecode.swift; path = "APIManager+ErrorHandler.swift"; sourceTree = "<group>"; };
		27E810A9ED1CA34D23D432E4 /* Pods-My Spotify.debug.xcconfig */ = {isa = PBXFileReference; includeInIndex = 1; lastKnownFileType = text.xcconfig; name = "Pods-My Spotify.debug.xcconfig"; path = "Target Support Files/Pods-My Spotify/Pods-My Spotify.debug.xcconfig"; sourceTree = "<group>"; };
		511D686C12192AA0A88331D3 /* Pods_My_Spotify.framework */ = {isa = PBXFileReference; explicitFileType = wrapper.framework; includeInIndex = 0; path = Pods_My_Spotify.framework; sourceTree = BUILT_PRODUCTS_DIR; };
		5D4E78549BF3E08923DAE99E /* Pods-My Spotify.release.xcconfig */ = {isa = PBXFileReference; includeInIndex = 1; lastKnownFileType = text.xcconfig; name = "Pods-My Spotify.release.xcconfig"; path = "Target Support Files/Pods-My Spotify/Pods-My Spotify.release.xcconfig"; sourceTree = "<group>"; };
		E8B375FC2A53F6BE006107FD /* My Spotify.app */ = {isa = PBXFileReference; explicitFileType = wrapper.application; includeInIndex = 0; path = "My Spotify.app"; sourceTree = BUILT_PRODUCTS_DIR; };
		E8B375FF2A53F6BE006107FD /* AppDelegate.swift */ = {isa = PBXFileReference; lastKnownFileType = sourcecode.swift; path = AppDelegate.swift; sourceTree = "<group>"; };
		E8B376012A53F6BE006107FD /* SceneDelegate.swift */ = {isa = PBXFileReference; lastKnownFileType = sourcecode.swift; path = SceneDelegate.swift; sourceTree = "<group>"; };
		E8B376032A53F6BE006107FD /* HomeVC.swift */ = {isa = PBXFileReference; lastKnownFileType = sourcecode.swift; path = HomeVC.swift; sourceTree = "<group>"; };
		E8B376062A53F6BE006107FD /* Base */ = {isa = PBXFileReference; lastKnownFileType = file.storyboard; name = Base; path = Base.lproj/Home.storyboard; sourceTree = "<group>"; };
		E8B376082A53F6BF006107FD /* Assets.xcassets */ = {isa = PBXFileReference; lastKnownFileType = folder.assetcatalog; path = Assets.xcassets; sourceTree = "<group>"; };
		E8B3760B2A53F6BF006107FD /* Base */ = {isa = PBXFileReference; lastKnownFileType = file.storyboard; name = Base; path = Base.lproj/LaunchScreen.storyboard; sourceTree = "<group>"; };
		E8B3760D2A53F6BF006107FD /* Info.plist */ = {isa = PBXFileReference; lastKnownFileType = text.plist.xml; path = Info.plist; sourceTree = "<group>"; };
		E8B3761A2A53F961006107FD /* AppCoordinator.swift */ = {isa = PBXFileReference; lastKnownFileType = sourcecode.swift; path = AppCoordinator.swift; sourceTree = "<group>"; };
		E8B3761C2A53F987006107FD /* Coordinator.swift */ = {isa = PBXFileReference; lastKnownFileType = sourcecode.swift; path = Coordinator.swift; sourceTree = "<group>"; };
		E8B3761E2A53F9A0006107FD /* Storyboarded.swift */ = {isa = PBXFileReference; lastKnownFileType = sourcecode.swift; path = Storyboarded.swift; sourceTree = "<group>"; };
		E8B376202A53FABF006107FD /* HomeCoordinator.swift */ = {isa = PBXFileReference; lastKnownFileType = sourcecode.swift; path = HomeCoordinator.swift; sourceTree = "<group>"; };
		E8D6D4C52A55284300D2D965 /* Auth.storyboard */ = {isa = PBXFileReference; lastKnownFileType = file.storyboard; path = Auth.storyboard; sourceTree = "<group>"; };
		E8D6D4C72A55333800D2D965 /* AuthVC.swift */ = {isa = PBXFileReference; lastKnownFileType = sourcecode.swift; path = AuthVC.swift; sourceTree = "<group>"; };
		E8D6D4C92A55336500D2D965 /* AuthCoordinator.swift */ = {isa = PBXFileReference; lastKnownFileType = sourcecode.swift; path = AuthCoordinator.swift; sourceTree = "<group>"; };
		E8D6D4CB2A5533E000D2D965 /* AuthViewModel.swift */ = {isa = PBXFileReference; lastKnownFileType = sourcecode.swift; path = AuthViewModel.swift; sourceTree = "<group>"; };
		E8D6D4CE2A5535D500D2D965 /* UIViewController+extentions.swift */ = {isa = PBXFileReference; lastKnownFileType = sourcecode.swift; path = "UIViewController+extentions.swift"; sourceTree = "<group>"; };
		E8D6D4D12A5537C500D2D965 /* AppConstants.swift */ = {isa = PBXFileReference; lastKnownFileType = sourcecode.swift; path = AppConstants.swift; sourceTree = "<group>"; };
		E8D6D4D42A55469700D2D965 /* AuthModel.swift */ = {isa = PBXFileReference; lastKnownFileType = sourcecode.swift; path = AuthModel.swift; sourceTree = "<group>"; };
		E8D6D4D62A554D3A00D2D965 /* URL+extentions.swift */ = {isa = PBXFileReference; lastKnownFileType = sourcecode.swift; path = "URL+extentions.swift"; sourceTree = "<group>"; };
/* End PBXFileReference section */

/* Begin PBXFrameworksBuildPhase section */
		E8B375F92A53F6BE006107FD /* Frameworks */ = {
			isa = PBXFrameworksBuildPhase;
			buildActionMask = 2147483647;
			files = (
				0110CDA57750CF601D37E6E3 /* Pods_My_Spotify.framework in Frameworks */,
			);
			runOnlyForDeploymentPostprocessing = 0;
		};
/* End PBXFrameworksBuildPhase section */

/* Begin PBXGroup section */
		230271C12A541B4F006F09BF /* Network Layer */ = {
			isa = PBXGroup;
			children = (
				230271C22A541B6A006F09BF /* APIManager.swift */,
				230271C42A541BA4006F09BF /* APIManager+Request.swift */,
				230271C62A541BD0006F09BF /* APIManager+ Error.swift */,
				230271CE2A542056006F09BF /* APIManager+EndPoints.swift */,
				2395AF2D2A5434870003B93B /* APIManager+ErrorHandler.swift */,
			);
			path = "Network Layer";
			sourceTree = "<group>";
		};
		230271CB2A541F88006F09BF /* Dynamics */ = {
			isa = PBXGroup;
			children = (
				230271CC2A541F9A006F09BF /* Dynamics.swift */,
			);
			path = Dynamics;
			sourceTree = "<group>";
		};
		3B7FB4DCE0D7424E43D06704 /* Frameworks */ = {
			isa = PBXGroup;
			children = (
				511D686C12192AA0A88331D3 /* Pods_My_Spotify.framework */,
			);
			name = Frameworks;
			sourceTree = "<group>";
		};
		D0AE670FC471A9430BBEC0B8 /* Pods */ = {
			isa = PBXGroup;
			children = (
				27E810A9ED1CA34D23D432E4 /* Pods-My Spotify.debug.xcconfig */,
				5D4E78549BF3E08923DAE99E /* Pods-My Spotify.release.xcconfig */,
			);
			path = Pods;
			sourceTree = "<group>";
		};
		E85DC1D42A54177400EEAF04 /* Modules */ = {
			isa = PBXGroup;
			children = (
				E8D6D4C12A5527D900D2D965 /* Auth */,
				E85DC1D52A54185300EEAF04 /* Home */,
			);
			path = Modules;
			sourceTree = "<group>";
		};
		E85DC1D52A54185300EEAF04 /* Home */ = {
			isa = PBXGroup;
			children = (
				E85DC1D72A54186300EEAF04 /* Controllers */,
				E85DC1D62A54185C00EEAF04 /* Views */,
			);
			path = Home;
			sourceTree = "<group>";
		};
		E85DC1D62A54185C00EEAF04 /* Views */ = {
			isa = PBXGroup;
			children = (
				E8B376052A53F6BE006107FD /* Home.storyboard */,
			);
			path = Views;
			sourceTree = "<group>";
		};
		E85DC1D72A54186300EEAF04 /* Controllers */ = {
			isa = PBXGroup;
			children = (
				E8B376032A53F6BE006107FD /* HomeVC.swift */,
			);
			path = Controllers;
			sourceTree = "<group>";
		};
		E8B375F32A53F6BE006107FD = {
			isa = PBXGroup;
			children = (
				E8B375FE2A53F6BE006107FD /* My Spotify */,
				E8B375FD2A53F6BE006107FD /* Products */,
				D0AE670FC471A9430BBEC0B8 /* Pods */,
				3B7FB4DCE0D7424E43D06704 /* Frameworks */,
			);
			sourceTree = "<group>";
		};
		E8B375FD2A53F6BE006107FD /* Products */ = {
			isa = PBXGroup;
			children = (
				E8B375FC2A53F6BE006107FD /* My Spotify.app */,
			);
			name = Products;
			sourceTree = "<group>";
		};
		E8B375FE2A53F6BE006107FD /* My Spotify */ = {
			isa = PBXGroup;
			children = (
				E8D6D4D02A5537AA00D2D965 /* Utils */,
				E8D6D4CD2A5535AD00D2D965 /* Extentions */,
				230271CB2A541F88006F09BF /* Dynamics */,
				230271C12A541B4F006F09BF /* Network Layer */,
				E85DC1D42A54177400EEAF04 /* Modules */,
				E8B376142A53F790006107FD /* Coordinators */,
				E8B376132A53F76E006107FD /* Resources */,
				E8B3760D2A53F6BF006107FD /* Info.plist */,
			);
			path = "My Spotify";
			sourceTree = "<group>";
		};
		E8B376132A53F76E006107FD /* Resources */ = {
			isa = PBXGroup;
			children = (
				E8B3760A2A53F6BF006107FD /* LaunchScreen.storyboard */,
				E8B376082A53F6BF006107FD /* Assets.xcassets */,
				E8B375FF2A53F6BE006107FD /* AppDelegate.swift */,
				E8B376012A53F6BE006107FD /* SceneDelegate.swift */,
			);
			path = Resources;
			sourceTree = "<group>";
		};
		E8B376142A53F790006107FD /* Coordinators */ = {
			isa = PBXGroup;
			children = (
				E8B3761A2A53F961006107FD /* AppCoordinator.swift */,
				E8B3761C2A53F987006107FD /* Coordinator.swift */,
				E8B376202A53FABF006107FD /* HomeCoordinator.swift */,
				E8D6D4C92A55336500D2D965 /* AuthCoordinator.swift */,
				E8B3761E2A53F9A0006107FD /* Storyboarded.swift */,
			);
			path = Coordinators;
			sourceTree = "<group>";
		};
		E8D6D4C12A5527D900D2D965 /* Auth */ = {
			isa = PBXGroup;
			children = (
				E8D6D4D32A55439E00D2D965 /* Models */,
				E8D6D4C42A5527F100D2D965 /* Controllers */,
				E8D6D4C32A5527E800D2D965 /* ViewModels */,
				E8D6D4C22A5527E200D2D965 /* Views */,
			);
			path = Auth;
			sourceTree = "<group>";
		};
		E8D6D4C22A5527E200D2D965 /* Views */ = {
			isa = PBXGroup;
			children = (
				E8D6D4C52A55284300D2D965 /* Auth.storyboard */,
			);
			path = Views;
			sourceTree = "<group>";
		};
		E8D6D4C32A5527E800D2D965 /* ViewModels */ = {
			isa = PBXGroup;
			children = (
				E8D6D4CB2A5533E000D2D965 /* AuthViewModel.swift */,
			);
			path = ViewModels;
			sourceTree = "<group>";
		};
		E8D6D4C42A5527F100D2D965 /* Controllers */ = {
			isa = PBXGroup;
			children = (
				E8D6D4C72A55333800D2D965 /* AuthVC.swift */,
			);
			path = Controllers;
			sourceTree = "<group>";
		};
		E8D6D4CD2A5535AD00D2D965 /* Extentions */ = {
			isa = PBXGroup;
			children = (
				E8D6D4CE2A5535D500D2D965 /* UIViewController+extentions.swift */,
				E8D6D4D62A554D3A00D2D965 /* URL+extentions.swift */,
			);
			path = Extentions;
			sourceTree = "<group>";
		};
		E8D6D4D02A5537AA00D2D965 /* Utils */ = {
			isa = PBXGroup;
			children = (
				E8D6D4D12A5537C500D2D965 /* AppConstants.swift */,
			);
			path = Utils;
			sourceTree = "<group>";
		};
		E8D6D4D32A55439E00D2D965 /* Models */ = {
			isa = PBXGroup;
			children = (
				E8D6D4D42A55469700D2D965 /* AuthModel.swift */,
			);
			path = Models;
			sourceTree = "<group>";
		};
/* End PBXGroup section */

/* Begin PBXNativeTarget section */
		E8B375FB2A53F6BE006107FD /* My Spotify */ = {
			isa = PBXNativeTarget;
			buildConfigurationList = E8B376102A53F6BF006107FD /* Build configuration list for PBXNativeTarget "My Spotify" */;
			buildPhases = (
				DB05E9ED29AC55FB04DAD8C1 /* [CP] Check Pods Manifest.lock */,
				E8B375F82A53F6BE006107FD /* Sources */,
				E8B375F92A53F6BE006107FD /* Frameworks */,
				E8B375FA2A53F6BE006107FD /* Resources */,
				D5B990B2657650E0FC7812EF /* [CP] Embed Pods Frameworks */,
			);
			buildRules = (
			);
			dependencies = (
			);
			name = "My Spotify";
			productName = "My Spotify";
			productReference = E8B375FC2A53F6BE006107FD /* My Spotify.app */;
			productType = "com.apple.product-type.application";
		};
/* End PBXNativeTarget section */

/* Begin PBXProject section */
		E8B375F42A53F6BE006107FD /* Project object */ = {
			isa = PBXProject;
			attributes = {
				BuildIndependentTargetsInParallel = 1;
				LastSwiftUpdateCheck = 1420;
				LastUpgradeCheck = 1420;
				TargetAttributes = {
					E8B375FB2A53F6BE006107FD = {
						CreatedOnToolsVersion = 14.2;
					};
				};
			};
			buildConfigurationList = E8B375F72A53F6BE006107FD /* Build configuration list for PBXProject "My Spotify" */;
			compatibilityVersion = "Xcode 14.0";
			developmentRegion = en;
			hasScannedForEncodings = 0;
			knownRegions = (
				en,
				Base,
			);
			mainGroup = E8B375F32A53F6BE006107FD;
			productRefGroup = E8B375FD2A53F6BE006107FD /* Products */;
			projectDirPath = "";
			projectRoot = "";
			targets = (
				E8B375FB2A53F6BE006107FD /* My Spotify */,
			);
		};
/* End PBXProject section */

/* Begin PBXResourcesBuildPhase section */
		E8B375FA2A53F6BE006107FD /* Resources */ = {
			isa = PBXResourcesBuildPhase;
			buildActionMask = 2147483647;
			files = (
				E8D6D4C62A55284300D2D965 /* Auth.storyboard in Resources */,
				E8B3760C2A53F6BF006107FD /* LaunchScreen.storyboard in Resources */,
				E8B376092A53F6BF006107FD /* Assets.xcassets in Resources */,
				E8B376072A53F6BE006107FD /* Home.storyboard in Resources */,
			);
			runOnlyForDeploymentPostprocessing = 0;
		};
/* End PBXResourcesBuildPhase section */

/* Begin PBXShellScriptBuildPhase section */
		D5B990B2657650E0FC7812EF /* [CP] Embed Pods Frameworks */ = {
			isa = PBXShellScriptBuildPhase;
			buildActionMask = 2147483647;
			files = (
			);
			inputFileListPaths = (
				"${PODS_ROOT}/Target Support Files/Pods-My Spotify/Pods-My Spotify-frameworks-${CONFIGURATION}-input-files.xcfilelist",
			);
			name = "[CP] Embed Pods Frameworks";
			outputFileListPaths = (
				"${PODS_ROOT}/Target Support Files/Pods-My Spotify/Pods-My Spotify-frameworks-${CONFIGURATION}-output-files.xcfilelist",
			);
			runOnlyForDeploymentPostprocessing = 0;
			shellPath = /bin/sh;
			shellScript = "\"${PODS_ROOT}/Target Support Files/Pods-My Spotify/Pods-My Spotify-frameworks.sh\"\n";
			showEnvVarsInLog = 0;
		};
		DB05E9ED29AC55FB04DAD8C1 /* [CP] Check Pods Manifest.lock */ = {
			isa = PBXShellScriptBuildPhase;
			buildActionMask = 2147483647;
			files = (
			);
			inputFileListPaths = (
			);
			inputPaths = (
				"${PODS_PODFILE_DIR_PATH}/Podfile.lock",
				"${PODS_ROOT}/Manifest.lock",
			);
			name = "[CP] Check Pods Manifest.lock";
			outputFileListPaths = (
			);
			outputPaths = (
				"$(DERIVED_FILE_DIR)/Pods-My Spotify-checkManifestLockResult.txt",
			);
			runOnlyForDeploymentPostprocessing = 0;
			shellPath = /bin/sh;
			shellScript = "diff \"${PODS_PODFILE_DIR_PATH}/Podfile.lock\" \"${PODS_ROOT}/Manifest.lock\" > /dev/null\nif [ $? != 0 ] ; then\n    # print error to STDERR\n    echo \"error: The sandbox is not in sync with the Podfile.lock. Run 'pod install' or update your CocoaPods installation.\" >&2\n    exit 1\nfi\n# This output is used by Xcode 'outputs' to avoid re-running this script phase.\necho \"SUCCESS\" > \"${SCRIPT_OUTPUT_FILE_0}\"\n";
			showEnvVarsInLog = 0;
		};
/* End PBXShellScriptBuildPhase section */

/* Begin PBXSourcesBuildPhase section */
		E8B375F82A53F6BE006107FD /* Sources */ = {
			isa = PBXSourcesBuildPhase;
			buildActionMask = 2147483647;
			files = (
				230271C32A541B6A006F09BF /* APIManager.swift in Sources */,
				2395AF2E2A5434870003B93B /* APIManager+ErrorHandler.swift in Sources */,
				230271CF2A542056006F09BF /* APIManager+EndPoints.swift in Sources */,
				E8D6D4CA2A55336500D2D965 /* AuthCoordinator.swift in Sources */,
				E8B3761B2A53F961006107FD /* AppCoordinator.swift in Sources */,
				E8D6D4C82A55333800D2D965 /* AuthVC.swift in Sources */,
				E8D6D4D72A554D3A00D2D965 /* URL+extentions.swift in Sources */,
				E8B376042A53F6BE006107FD /* HomeVC.swift in Sources */,
				E8B3761D2A53F987006107FD /* Coordinator.swift in Sources */,
				E8D6D4D52A55469700D2D965 /* AuthModel.swift in Sources */,
				E8B376002A53F6BE006107FD /* AppDelegate.swift in Sources */,
				230271C72A541BD0006F09BF /* APIManager+ Error.swift in Sources */,
				E8B376022A53F6BE006107FD /* SceneDelegate.swift in Sources */,
				230271C52A541BA4006F09BF /* APIManager+Request.swift in Sources */,
				E8D6D4CC2A5533E000D2D965 /* AuthViewModel.swift in Sources */,
				E8B376212A53FABF006107FD /* HomeCoordinator.swift in Sources */,
				E8D6D4CF2A5535D500D2D965 /* UIViewController+extentions.swift in Sources */,
				E8B3761F2A53F9A0006107FD /* Storyboarded.swift in Sources */,
				230271CD2A541F9A006F09BF /* Dynamics.swift in Sources */,
				E8D6D4D22A5537C500D2D965 /* AppConstants.swift in Sources */,
			);
			runOnlyForDeploymentPostprocessing = 0;
		};
/* End PBXSourcesBuildPhase section */

/* Begin PBXVariantGroup section */
		E8B376052A53F6BE006107FD /* Home.storyboard */ = {
			isa = PBXVariantGroup;
			children = (
				E8B376062A53F6BE006107FD /* Base */,
			);
			name = Home.storyboard;
			sourceTree = "<group>";
		};
		E8B3760A2A53F6BF006107FD /* LaunchScreen.storyboard */ = {
			isa = PBXVariantGroup;
			children = (
				E8B3760B2A53F6BF006107FD /* Base */,
			);
			name = LaunchScreen.storyboard;
			sourceTree = "<group>";
		};
/* End PBXVariantGroup section */

/* Begin XCBuildConfiguration section */
		E8B3760E2A53F6BF006107FD /* Debug */ = {
			isa = XCBuildConfiguration;
			buildSettings = {
				ALWAYS_SEARCH_USER_PATHS = NO;
				CLANG_ANALYZER_NONNULL = YES;
				CLANG_ANALYZER_NUMBER_OBJECT_CONVERSION = YES_AGGRESSIVE;
				CLANG_CXX_LANGUAGE_STANDARD = "gnu++20";
				CLANG_ENABLE_MODULES = YES;
				CLANG_ENABLE_OBJC_ARC = YES;
				CLANG_ENABLE_OBJC_WEAK = YES;
				CLANG_WARN_BLOCK_CAPTURE_AUTORELEASING = YES;
				CLANG_WARN_BOOL_CONVERSION = YES;
				CLANG_WARN_COMMA = YES;
				CLANG_WARN_CONSTANT_CONVERSION = YES;
				CLANG_WARN_DEPRECATED_OBJC_IMPLEMENTATIONS = YES;
				CLANG_WARN_DIRECT_OBJC_ISA_USAGE = YES_ERROR;
				CLANG_WARN_DOCUMENTATION_COMMENTS = YES;
				CLANG_WARN_EMPTY_BODY = YES;
				CLANG_WARN_ENUM_CONVERSION = YES;
				CLANG_WARN_INFINITE_RECURSION = YES;
				CLANG_WARN_INT_CONVERSION = YES;
				CLANG_WARN_NON_LITERAL_NULL_CONVERSION = YES;
				CLANG_WARN_OBJC_IMPLICIT_RETAIN_SELF = YES;
				CLANG_WARN_OBJC_LITERAL_CONVERSION = YES;
				CLANG_WARN_OBJC_ROOT_CLASS = YES_ERROR;
				CLANG_WARN_QUOTED_INCLUDE_IN_FRAMEWORK_HEADER = YES;
				CLANG_WARN_RANGE_LOOP_ANALYSIS = YES;
				CLANG_WARN_STRICT_PROTOTYPES = YES;
				CLANG_WARN_SUSPICIOUS_MOVE = YES;
				CLANG_WARN_UNGUARDED_AVAILABILITY = YES_AGGRESSIVE;
				CLANG_WARN_UNREACHABLE_CODE = YES;
				CLANG_WARN__DUPLICATE_METHOD_MATCH = YES;
				COPY_PHASE_STRIP = NO;
				DEBUG_INFORMATION_FORMAT = dwarf;
				ENABLE_STRICT_OBJC_MSGSEND = YES;
				ENABLE_TESTABILITY = YES;
				GCC_C_LANGUAGE_STANDARD = gnu11;
				GCC_DYNAMIC_NO_PIC = NO;
				GCC_NO_COMMON_BLOCKS = YES;
				GCC_OPTIMIZATION_LEVEL = 0;
				GCC_PREPROCESSOR_DEFINITIONS = (
					"DEBUG=1",
					"$(inherited)",
				);
				GCC_WARN_64_TO_32_BIT_CONVERSION = YES;
				GCC_WARN_ABOUT_RETURN_TYPE = YES_ERROR;
				GCC_WARN_UNDECLARED_SELECTOR = YES;
				GCC_WARN_UNINITIALIZED_AUTOS = YES_AGGRESSIVE;
				GCC_WARN_UNUSED_FUNCTION = YES;
				GCC_WARN_UNUSED_VARIABLE = YES;
				IPHONEOS_DEPLOYMENT_TARGET = 16.2;
				MTL_ENABLE_DEBUG_INFO = INCLUDE_SOURCE;
				MTL_FAST_MATH = YES;
				ONLY_ACTIVE_ARCH = YES;
				SDKROOT = iphoneos;
				SWIFT_ACTIVE_COMPILATION_CONDITIONS = DEBUG;
				SWIFT_OPTIMIZATION_LEVEL = "-Onone";
			};
			name = Debug;
		};
		E8B3760F2A53F6BF006107FD /* Release */ = {
			isa = XCBuildConfiguration;
			buildSettings = {
				ALWAYS_SEARCH_USER_PATHS = NO;
				CLANG_ANALYZER_NONNULL = YES;
				CLANG_ANALYZER_NUMBER_OBJECT_CONVERSION = YES_AGGRESSIVE;
				CLANG_CXX_LANGUAGE_STANDARD = "gnu++20";
				CLANG_ENABLE_MODULES = YES;
				CLANG_ENABLE_OBJC_ARC = YES;
				CLANG_ENABLE_OBJC_WEAK = YES;
				CLANG_WARN_BLOCK_CAPTURE_AUTORELEASING = YES;
				CLANG_WARN_BOOL_CONVERSION = YES;
				CLANG_WARN_COMMA = YES;
				CLANG_WARN_CONSTANT_CONVERSION = YES;
				CLANG_WARN_DEPRECATED_OBJC_IMPLEMENTATIONS = YES;
				CLANG_WARN_DIRECT_OBJC_ISA_USAGE = YES_ERROR;
				CLANG_WARN_DOCUMENTATION_COMMENTS = YES;
				CLANG_WARN_EMPTY_BODY = YES;
				CLANG_WARN_ENUM_CONVERSION = YES;
				CLANG_WARN_INFINITE_RECURSION = YES;
				CLANG_WARN_INT_CONVERSION = YES;
				CLANG_WARN_NON_LITERAL_NULL_CONVERSION = YES;
				CLANG_WARN_OBJC_IMPLICIT_RETAIN_SELF = YES;
				CLANG_WARN_OBJC_LITERAL_CONVERSION = YES;
				CLANG_WARN_OBJC_ROOT_CLASS = YES_ERROR;
				CLANG_WARN_QUOTED_INCLUDE_IN_FRAMEWORK_HEADER = YES;
				CLANG_WARN_RANGE_LOOP_ANALYSIS = YES;
				CLANG_WARN_STRICT_PROTOTYPES = YES;
				CLANG_WARN_SUSPICIOUS_MOVE = YES;
				CLANG_WARN_UNGUARDED_AVAILABILITY = YES_AGGRESSIVE;
				CLANG_WARN_UNREACHABLE_CODE = YES;
				CLANG_WARN__DUPLICATE_METHOD_MATCH = YES;
				COPY_PHASE_STRIP = NO;
				DEBUG_INFORMATION_FORMAT = "dwarf-with-dsym";
				ENABLE_NS_ASSERTIONS = NO;
				ENABLE_STRICT_OBJC_MSGSEND = YES;
				GCC_C_LANGUAGE_STANDARD = gnu11;
				GCC_NO_COMMON_BLOCKS = YES;
				GCC_WARN_64_TO_32_BIT_CONVERSION = YES;
				GCC_WARN_ABOUT_RETURN_TYPE = YES_ERROR;
				GCC_WARN_UNDECLARED_SELECTOR = YES;
				GCC_WARN_UNINITIALIZED_AUTOS = YES_AGGRESSIVE;
				GCC_WARN_UNUSED_FUNCTION = YES;
				GCC_WARN_UNUSED_VARIABLE = YES;
				IPHONEOS_DEPLOYMENT_TARGET = 16.2;
				MTL_ENABLE_DEBUG_INFO = NO;
				MTL_FAST_MATH = YES;
				SDKROOT = iphoneos;
				SWIFT_COMPILATION_MODE = wholemodule;
				SWIFT_OPTIMIZATION_LEVEL = "-O";
				VALIDATE_PRODUCT = YES;
			};
			name = Release;
		};
		E8B376112A53F6BF006107FD /* Debug */ = {
			isa = XCBuildConfiguration;
			baseConfigurationReference = 27E810A9ED1CA34D23D432E4 /* Pods-My Spotify.debug.xcconfig */;
			buildSettings = {
				ASSETCATALOG_COMPILER_APPICON_NAME = AppIcon;
				ASSETCATALOG_COMPILER_GLOBAL_ACCENT_COLOR_NAME = AccentColor;
				CODE_SIGN_STYLE = Automatic;
				CURRENT_PROJECT_VERSION = 1;
				GENERATE_INFOPLIST_FILE = YES;
				INFOPLIST_FILE = "My Spotify/Info.plist";
				INFOPLIST_KEY_CFBundleDisplayName = "My Spotify";
				INFOPLIST_KEY_LSApplicationCategoryType = "public.app-category.music";
				INFOPLIST_KEY_UIApplicationSupportsIndirectInputEvents = YES;
				INFOPLIST_KEY_UILaunchStoryboardName = LaunchScreen;
				INFOPLIST_KEY_UISupportedInterfaceOrientations_iPad = "UIInterfaceOrientationPortrait UIInterfaceOrientationPortraitUpsideDown UIInterfaceOrientationLandscapeLeft UIInterfaceOrientationLandscapeRight";
				INFOPLIST_KEY_UISupportedInterfaceOrientations_iPhone = "UIInterfaceOrientationPortrait UIInterfaceOrientationLandscapeLeft UIInterfaceOrientationLandscapeRight";
				LD_RUNPATH_SEARCH_PATHS = (
					"$(inherited)",
					"@executable_path/Frameworks",
				);
				MARKETING_VERSION = 1.0;
				PRODUCT_BUNDLE_IDENTIFIER = com.myspotify.MySpotify;
				PRODUCT_NAME = "$(TARGET_NAME)";
				SWIFT_EMIT_LOC_STRINGS = YES;
				SWIFT_VERSION = 5.0;
				TARGETED_DEVICE_FAMILY = "1,2";
			};
			name = Debug;
		};
		E8B376122A53F6BF006107FD /* Release */ = {
			isa = XCBuildConfiguration;
			baseConfigurationReference = 5D4E78549BF3E08923DAE99E /* Pods-My Spotify.release.xcconfig */;
			buildSettings = {
				ASSETCATALOG_COMPILER_APPICON_NAME = AppIcon;
				ASSETCATALOG_COMPILER_GLOBAL_ACCENT_COLOR_NAME = AccentColor;
				CODE_SIGN_STYLE = Automatic;
				CURRENT_PROJECT_VERSION = 1;
				GENERATE_INFOPLIST_FILE = YES;
				INFOPLIST_FILE = "My Spotify/Info.plist";
				INFOPLIST_KEY_CFBundleDisplayName = "My Spotify";
				INFOPLIST_KEY_LSApplicationCategoryType = "public.app-category.music";
				INFOPLIST_KEY_UIApplicationSupportsIndirectInputEvents = YES;
				INFOPLIST_KEY_UILaunchStoryboardName = LaunchScreen;
				INFOPLIST_KEY_UISupportedInterfaceOrientations_iPad = "UIInterfaceOrientationPortrait UIInterfaceOrientationPortraitUpsideDown UIInterfaceOrientationLandscapeLeft UIInterfaceOrientationLandscapeRight";
				INFOPLIST_KEY_UISupportedInterfaceOrientations_iPhone = "UIInterfaceOrientationPortrait UIInterfaceOrientationLandscapeLeft UIInterfaceOrientationLandscapeRight";
				LD_RUNPATH_SEARCH_PATHS = (
					"$(inherited)",
					"@executable_path/Frameworks",
				);
				MARKETING_VERSION = 1.0;
				PRODUCT_BUNDLE_IDENTIFIER = com.myspotify.MySpotify;
				PRODUCT_NAME = "$(TARGET_NAME)";
				SWIFT_EMIT_LOC_STRINGS = YES;
				SWIFT_VERSION = 5.0;
				TARGETED_DEVICE_FAMILY = "1,2";
			};
			name = Release;
		};
/* End XCBuildConfiguration section */

/* Begin XCConfigurationList section */
		E8B375F72A53F6BE006107FD /* Build configuration list for PBXProject "My Spotify" */ = {
			isa = XCConfigurationList;
			buildConfigurations = (
				E8B3760E2A53F6BF006107FD /* Debug */,
				E8B3760F2A53F6BF006107FD /* Release */,
			);
			defaultConfigurationIsVisible = 0;
			defaultConfigurationName = Release;
		};
		E8B376102A53F6BF006107FD /* Build configuration list for PBXNativeTarget "My Spotify" */ = {
			isa = XCConfigurationList;
			buildConfigurations = (
				E8B376112A53F6BF006107FD /* Debug */,
				E8B376122A53F6BF006107FD /* Release */,
			);
			defaultConfigurationIsVisible = 0;
			defaultConfigurationName = Release;
		};
/* End XCConfigurationList section */
	};
	rootObject = E8B375F42A53F6BE006107FD /* Project object */;
}
