// !$*UTF8*$!
{
	archiveVersion = 1;
	classes = {
	};
	objectVersion = 56;
	objects = {

/* Begin PBXBuildFile section */
		0110CDA57750CF601D37E6E3 /* Pods_My_Spotify.framework in Frameworks */ = {isa = PBXBuildFile; fileRef = 511D686C12192AA0A88331D3 /* Pods_My_Spotify.framework */; };
		230271C32A541B6A006F09BF /* APIManager.swift in Sources */ = {isa = PBXBuildFile; fileRef = 230271C22A541B6A006F09BF /* APIManager.swift */; };
		230271C52A541BA4006F09BF /* APIManager+Request.swift in Sources */ = {isa = PBXBuildFile; fileRef = 230271C42A541BA4006F09BF /* APIManager+Request.swift */; };
		230271C72A541BD0006F09BF /* APIManager+Error.swift in Sources */ = {isa = PBXBuildFile; fileRef = 230271C62A541BD0006F09BF /* APIManager+Error.swift */; };
		230271CD2A541F9A006F09BF /* Dynamics.swift in Sources */ = {isa = PBXBuildFile; fileRef = 230271CC2A541F9A006F09BF /* Dynamics.swift */; };
		230271CF2A542056006F09BF /* APIManager+EndPoints.swift in Sources */ = {isa = PBXBuildFile; fileRef = 230271CE2A542056006F09BF /* APIManager+EndPoints.swift */; };
		2358D5952A5BEED300E571D4 /* ArtistProfileViewModel.swift in Sources */ = {isa = PBXBuildFile; fileRef = 2358D5942A5BEED300E571D4 /* ArtistProfileViewModel.swift */; };
		2358D5992A5BF1F700E571D4 /* ViewArtistCoordinator.swift in Sources */ = {isa = PBXBuildFile; fileRef = 2358D5982A5BF1F700E571D4 /* ViewArtistCoordinator.swift */; };
		2358D59B2A5C064D00E571D4 /* ArtistTopTrackCell.swift in Sources */ = {isa = PBXBuildFile; fileRef = 2358D59A2A5C064D00E571D4 /* ArtistTopTrackCell.swift */; };
		2358D59E2A5C0F3000E571D4 /* ViewBackgroundGradient.swift in Sources */ = {isa = PBXBuildFile; fileRef = 2358D59D2A5C0F3000E571D4 /* ViewBackgroundGradient.swift */; };
		2358D5A02A5C215300E571D4 /* RelatedArtistCell.swift in Sources */ = {isa = PBXBuildFile; fileRef = 2358D59F2A5C215300E571D4 /* RelatedArtistCell.swift */; };
		2361F4552A5D2558006932F9 /* Artist.swift in Sources */ = {isa = PBXBuildFile; fileRef = 2361F4542A5D2558006932F9 /* Artist.swift */; };
		2361F45A2A5D25C5006932F9 /* ArtistProfile.swift in Sources */ = {isa = PBXBuildFile; fileRef = 2361F4592A5D25C5006932F9 /* ArtistProfile.swift */; };
		2364FFA82A5D2EB800E5025C /* ViewSong.storyboard in Resources */ = {isa = PBXBuildFile; fileRef = 2364FFA72A5D2EB800E5025C /* ViewSong.storyboard */; };
		2364FFAA2A5D39D600E5025C /* ViewSongVC.swift in Sources */ = {isa = PBXBuildFile; fileRef = 2364FFA92A5D39D600E5025C /* ViewSongVC.swift */; };
		2364FFAE2A5D3AA300E5025C /* ViewSongViewModel.swift in Sources */ = {isa = PBXBuildFile; fileRef = 2364FFAD2A5D3AA300E5025C /* ViewSongViewModel.swift */; };
		2364FFB12A5D41F500E5025C /* ViewSongCoordinator.swift in Sources */ = {isa = PBXBuildFile; fileRef = 2364FFB02A5D41F500E5025C /* ViewSongCoordinator.swift */; };
		2364FFB32A5D5E6B00E5025C /* TimeInterval+extension.swift in Sources */ = {isa = PBXBuildFile; fileRef = 2364FFB22A5D5E6B00E5025C /* TimeInterval+extension.swift */; };
		23846C032A5BED2E00DB5E41 /* UserArtistProfile.storyboard in Resources */ = {isa = PBXBuildFile; fileRef = 23846C022A5BED2E00DB5E41 /* UserArtistProfile.storyboard */; };
		23846C072A5BEDEB00DB5E41 /* ArtistProfileVC.swift in Sources */ = {isa = PBXBuildFile; fileRef = 23846C062A5BEDEB00DB5E41 /* ArtistProfileVC.swift */; };
		2395AF2E2A5434870003B93B /* APIManager+ErrorHandler.swift in Sources */ = {isa = PBXBuildFile; fileRef = 2395AF2D2A5434870003B93B /* APIManager+ErrorHandler.swift */; };
		2395AF382A5530460003B93B /* CVPlaylist.swift in Sources */ = {isa = PBXBuildFile; fileRef = 2395AF362A5530460003B93B /* CVPlaylist.swift */; };
		2395AF392A5530460003B93B /* CVPlaylist.xib in Resources */ = {isa = PBXBuildFile; fileRef = 2395AF372A5530460003B93B /* CVPlaylist.xib */; };
		2395AF3C2A5533390003B93B /* TVHomeCell.swift in Sources */ = {isa = PBXBuildFile; fileRef = 2395AF3B2A5533390003B93B /* TVHomeCell.swift */; };
		2395AF3E2A55359D0003B93B /* HomeViewModel.swift in Sources */ = {isa = PBXBuildFile; fileRef = 2395AF3D2A55359D0003B93B /* HomeViewModel.swift */; };
		2395AF402A55360C0003B93B /* HomePlaylist.swift in Sources */ = {isa = PBXBuildFile; fileRef = 2395AF3F2A55360C0003B93B /* HomePlaylist.swift */; };
		2395AF422A5565720003B93B /* HomeAlbumb.swift in Sources */ = {isa = PBXBuildFile; fileRef = 2395AF412A5565720003B93B /* HomeAlbumb.swift */; };
		2395AF492A5573090003B93B /* HomeDisplayData.swift in Sources */ = {isa = PBXBuildFile; fileRef = 2395AF482A5573090003B93B /* HomeDisplayData.swift */; };
		2395AF4D2A55847C0003B93B /* TVHomeHeader.swift in Sources */ = {isa = PBXBuildFile; fileRef = 2395AF4B2A55847C0003B93B /* TVHomeHeader.swift */; };
		2395AF4E2A55847C0003B93B /* TVHomeHeader.xib in Resources */ = {isa = PBXBuildFile; fileRef = 2395AF4C2A55847C0003B93B /* TVHomeHeader.xib */; };
		2395AF502A559F6C0003B93B /* HomeFeatured.swift in Sources */ = {isa = PBXBuildFile; fileRef = 2395AF4F2A559F6C0003B93B /* HomeFeatured.swift */; };
		23AFB54A2A56B8E1005E03CF /* UserLibrary.storyboard in Resources */ = {isa = PBXBuildFile; fileRef = 23AFB5492A56B8E1005E03CF /* UserLibrary.storyboard */; };
		23AFB54C2A56B8FF005E03CF /* UserLibraryVC.swift in Sources */ = {isa = PBXBuildFile; fileRef = 23AFB54B2A56B8FF005E03CF /* UserLibraryVC.swift */; };
		23AFB54E2A56B9A8005E03CF /* LibraryViewModel.swift in Sources */ = {isa = PBXBuildFile; fileRef = 23AFB54D2A56B9A8005E03CF /* LibraryViewModel.swift */; };
		23AFB5512A56BBA1005E03CF /* LibraryCell.swift in Sources */ = {isa = PBXBuildFile; fileRef = 23AFB5502A56BBA1005E03CF /* LibraryCell.swift */; };
		23AFB5532A56BC21005E03CF /* LibraryPlaylist.swift in Sources */ = {isa = PBXBuildFile; fileRef = 23AFB5522A56BC21005E03CF /* LibraryPlaylist.swift */; };
		23AFB5572A56BDE0005E03CF /* CategoryCell.swift in Sources */ = {isa = PBXBuildFile; fileRef = 23AFB5562A56BDE0005E03CF /* CategoryCell.swift */; };
		23AFB55A2A56C374005E03CF /* LibraryCoordinator.swift in Sources */ = {isa = PBXBuildFile; fileRef = 23AFB5592A56C374005E03CF /* LibraryCoordinator.swift */; };
		23AFB55C2A56C97F005E03CF /* LibraryDisplay.swift in Sources */ = {isa = PBXBuildFile; fileRef = 23AFB55B2A56C97F005E03CF /* LibraryDisplay.swift */; };
		23AFB55E2A56D5BB005E03CF /* LibraryArtists.swift in Sources */ = {isa = PBXBuildFile; fileRef = 23AFB55D2A56D5BB005E03CF /* LibraryArtists.swift */; };
		23AFB5612A56DB59005E03CF /* LibraryArtistsCell.swift in Sources */ = {isa = PBXBuildFile; fileRef = 23AFB55F2A56DB59005E03CF /* LibraryArtistsCell.swift */; };
		23AFB5622A56DB59005E03CF /* LibraryArtistsCell.xib in Resources */ = {isa = PBXBuildFile; fileRef = 23AFB5602A56DB59005E03CF /* LibraryArtistsCell.xib */; };
		23E5B3042A56ED9A0090AD91 /* LibraryAlbum.swift in Sources */ = {isa = PBXBuildFile; fileRef = 23E5B3032A56ED9A0090AD91 /* LibraryAlbum.swift */; };
		23E5B30B2A57D9AC0090AD91 /* ViewPlaylist.storyboard in Resources */ = {isa = PBXBuildFile; fileRef = 23E5B30A2A57D9AC0090AD91 /* ViewPlaylist.storyboard */; };
		23E5B30D2A57D9C10090AD91 /* ViewPlaylistVC.swift in Sources */ = {isa = PBXBuildFile; fileRef = 23E5B30C2A57D9C10090AD91 /* ViewPlaylistVC.swift */; };
		23E5B3122A57DECB0090AD91 /* SongCell.swift in Sources */ = {isa = PBXBuildFile; fileRef = 23E5B3112A57DECB0090AD91 /* SongCell.swift */; };
		23E5B3152A57E06E0090AD91 /* ViewPlaylistCoordinator.swift in Sources */ = {isa = PBXBuildFile; fileRef = 23E5B3142A57E06E0090AD91 /* ViewPlaylistCoordinator.swift */; };
		23E5B3172A57E5C80090AD91 /* Song.swift in Sources */ = {isa = PBXBuildFile; fileRef = 23E5B3162A57E5C80090AD91 /* Song.swift */; };
		23E5B3192A57E83A0090AD91 /* ViewSongsViewModel.swift in Sources */ = {isa = PBXBuildFile; fileRef = 23E5B3182A57E83A0090AD91 /* ViewSongsViewModel.swift */; };
		23E5B31B2A57F51C0090AD91 /* DisplaySong.swift in Sources */ = {isa = PBXBuildFile; fileRef = 23E5B31A2A57F51C0090AD91 /* DisplaySong.swift */; };
		23E5B31D2A5813220090AD91 /* AlbumSong.swift in Sources */ = {isa = PBXBuildFile; fileRef = 23E5B31C2A5813220090AD91 /* AlbumSong.swift */; };
		23E5B3202A581B270090AD91 /* AlbumSongCell.swift in Sources */ = {isa = PBXBuildFile; fileRef = 23E5B31E2A581B270090AD91 /* AlbumSongCell.swift */; };
		23E5B3212A581B270090AD91 /* AlbumSongCell.xib in Resources */ = {isa = PBXBuildFile; fileRef = 23E5B31F2A581B270090AD91 /* AlbumSongCell.xib */; };
		23E5B3232A582C250090AD91 /* AlbumArtist.swift in Sources */ = {isa = PBXBuildFile; fileRef = 23E5B3222A582C250090AD91 /* AlbumArtist.swift */; };
		E8042EDF2A5BE1BC00431CC1 /* TrackOptionsViewModel.swift in Sources */ = {isa = PBXBuildFile; fileRef = E8042EDE2A5BE1BC00431CC1 /* TrackOptionsViewModel.swift */; };
		E8042EE12A5BEC9100431CC1 /* TrackOptionCell.swift in Sources */ = {isa = PBXBuildFile; fileRef = E8042EE02A5BEC9100431CC1 /* TrackOptionCell.swift */; };
		E8042EE42A5BED1500431CC1 /* Option.swift in Sources */ = {isa = PBXBuildFile; fileRef = E8042EE32A5BED1500431CC1 /* Option.swift */; };
		E84F68422A55937E00430D8A /* KeychainHelper.swift in Sources */ = {isa = PBXBuildFile; fileRef = E84F68412A55937E00430D8A /* KeychainHelper.swift */; };
		E8B376002A53F6BE006107FD /* AppDelegate.swift in Sources */ = {isa = PBXBuildFile; fileRef = E8B375FF2A53F6BE006107FD /* AppDelegate.swift */; };
		E8B376022A53F6BE006107FD /* SceneDelegate.swift in Sources */ = {isa = PBXBuildFile; fileRef = E8B376012A53F6BE006107FD /* SceneDelegate.swift */; };
		E8B376042A53F6BE006107FD /* HomeVC.swift in Sources */ = {isa = PBXBuildFile; fileRef = E8B376032A53F6BE006107FD /* HomeVC.swift */; };
		E8B376072A53F6BE006107FD /* Home.storyboard in Resources */ = {isa = PBXBuildFile; fileRef = E8B376052A53F6BE006107FD /* Home.storyboard */; };
		E8B376092A53F6BF006107FD /* Assets.xcassets in Resources */ = {isa = PBXBuildFile; fileRef = E8B376082A53F6BF006107FD /* Assets.xcassets */; };
		E8B3760C2A53F6BF006107FD /* LaunchScreen.storyboard in Resources */ = {isa = PBXBuildFile; fileRef = E8B3760A2A53F6BF006107FD /* LaunchScreen.storyboard */; };
		E8B3761B2A53F961006107FD /* AppCoordinator.swift in Sources */ = {isa = PBXBuildFile; fileRef = E8B3761A2A53F961006107FD /* AppCoordinator.swift */; };
		E8B3761D2A53F987006107FD /* Coordinator.swift in Sources */ = {isa = PBXBuildFile; fileRef = E8B3761C2A53F987006107FD /* Coordinator.swift */; };
		E8B3761F2A53F9A0006107FD /* Storyboarded.swift in Sources */ = {isa = PBXBuildFile; fileRef = E8B3761E2A53F9A0006107FD /* Storyboarded.swift */; };
		E8B376212A53FABF006107FD /* HomeCoordinator.swift in Sources */ = {isa = PBXBuildFile; fileRef = E8B376202A53FABF006107FD /* HomeCoordinator.swift */; };
		E8C38E292A56910A004CE02F /* RefreshTokenViewModel.swift in Sources */ = {isa = PBXBuildFile; fileRef = E8C38E282A56910A004CE02F /* RefreshTokenViewModel.swift */; };
		E8C38E2B2A5695FD004CE02F /* APIManager+Inerceptor.swift in Sources */ = {isa = PBXBuildFile; fileRef = E8C38E2A2A5695FD004CE02F /* APIManager+Inerceptor.swift */; };
		E8C38E332A56B745004CE02F /* Search.storyboard in Resources */ = {isa = PBXBuildFile; fileRef = E8C38E322A56B745004CE02F /* Search.storyboard */; };
		E8C38E352A56BCA4004CE02F /* SearchVC.swift in Sources */ = {isa = PBXBuildFile; fileRef = E8C38E342A56BCA4004CE02F /* SearchVC.swift */; };
		E8C38E372A56BCF6004CE02F /* SearchCoordinator.swift in Sources */ = {isa = PBXBuildFile; fileRef = E8C38E362A56BCF6004CE02F /* SearchCoordinator.swift */; };
		E8C38E392A56C04B004CE02F /* SearchViewModel.swift in Sources */ = {isa = PBXBuildFile; fileRef = E8C38E382A56C04B004CE02F /* SearchViewModel.swift */; };
		E8C38E3B2A56C0AC004CE02F /* Category.swift in Sources */ = {isa = PBXBuildFile; fileRef = E8C38E3A2A56C0AC004CE02F /* Category.swift */; };
		E8C38E412A56E210004CE02F /* UIColor+extentions.swift in Sources */ = {isa = PBXBuildFile; fileRef = E8C38E402A56E210004CE02F /* UIColor+extentions.swift */; };
		E8C38E432A56F211004CE02F /* SearchHistoryVC.swift in Sources */ = {isa = PBXBuildFile; fileRef = E8C38E422A56F211004CE02F /* SearchHistoryVC.swift */; };
		E8C38E452A56F2C0004CE02F /* SearchItemCell.swift in Sources */ = {isa = PBXBuildFile; fileRef = E8C38E442A56F2C0004CE02F /* SearchItemCell.swift */; };
		E8C38E472A56F388004CE02F /* SearchHistoryViewModel.swift in Sources */ = {isa = PBXBuildFile; fileRef = E8C38E462A56F388004CE02F /* SearchHistoryViewModel.swift */; };
		E8C38E492A56F3BF004CE02F /* Search.swift in Sources */ = {isa = PBXBuildFile; fileRef = E8C38E482A56F3BF004CE02F /* Search.swift */; };
		E8C38E4C2A57CF56004CE02F /* Album.swift in Sources */ = {isa = PBXBuildFile; fileRef = E8C38E4B2A57CF56004CE02F /* Album.swift */; };
		E8C38E4F2A57CF74004CE02F /* Track.swift in Sources */ = {isa = PBXBuildFile; fileRef = E8C38E4E2A57CF74004CE02F /* Track.swift */; };
		E8C38E532A57D0C1004CE02F /* Common.swift in Sources */ = {isa = PBXBuildFile; fileRef = E8C38E522A57D0C1004CE02F /* Common.swift */; };
		E8C38E592A583FC8004CE02F /* TrackOptions.storyboard in Resources */ = {isa = PBXBuildFile; fileRef = E8C38E582A583FC8004CE02F /* TrackOptions.storyboard */; };
		E8C38E5B2A583FFD004CE02F /* TrackOptionsVC.swift in Sources */ = {isa = PBXBuildFile; fileRef = E8C38E5A2A583FFD004CE02F /* TrackOptionsVC.swift */; };
		E8C38E5D2A584045004CE02F /* TrackOptionsCoordinator.swift in Sources */ = {isa = PBXBuildFile; fileRef = E8C38E5C2A584045004CE02F /* TrackOptionsCoordinator.swift */; };
		E8D6D4C62A55284300D2D965 /* Auth.storyboard in Resources */ = {isa = PBXBuildFile; fileRef = E8D6D4C52A55284300D2D965 /* Auth.storyboard */; };
		E8D6D4C82A55333800D2D965 /* AuthVC.swift in Sources */ = {isa = PBXBuildFile; fileRef = E8D6D4C72A55333800D2D965 /* AuthVC.swift */; };
		E8D6D4CA2A55336500D2D965 /* AuthCoordinator.swift in Sources */ = {isa = PBXBuildFile; fileRef = E8D6D4C92A55336500D2D965 /* AuthCoordinator.swift */; };
		E8D6D4CC2A5533E000D2D965 /* AuthViewModel.swift in Sources */ = {isa = PBXBuildFile; fileRef = E8D6D4CB2A5533E000D2D965 /* AuthViewModel.swift */; };
		E8D6D4CF2A5535D500D2D965 /* UIViewController+extentions.swift in Sources */ = {isa = PBXBuildFile; fileRef = E8D6D4CE2A5535D500D2D965 /* UIViewController+extentions.swift */; };
		E8D6D4D22A5537C500D2D965 /* AppConstants.swift in Sources */ = {isa = PBXBuildFile; fileRef = E8D6D4D12A5537C500D2D965 /* AppConstants.swift */; };
		E8D6D4D52A55469700D2D965 /* AuthModel.swift in Sources */ = {isa = PBXBuildFile; fileRef = E8D6D4D42A55469700D2D965 /* AuthModel.swift */; };
		E8D6D4D72A554D3A00D2D965 /* URL+extentions.swift in Sources */ = {isa = PBXBuildFile; fileRef = E8D6D4D62A554D3A00D2D965 /* URL+extentions.swift */; };
		E8DF72C42A5D28E5001726DF /* CombineCoordinator.swift in Sources */ = {isa = PBXBuildFile; fileRef = E8DF72C32A5D28E5001726DF /* CombineCoordinator.swift */; };
		E8E3BE042A5D0EF6006F70FF /* SearchCategoryCell.swift in Sources */ = {isa = PBXBuildFile; fileRef = E8E3BE032A5D0EF6006F70FF /* SearchCategoryCell.swift */; };
/* End PBXBuildFile section */

/* Begin PBXFileReference section */
		230271C22A541B6A006F09BF /* APIManager.swift */ = {isa = PBXFileReference; lastKnownFileType = sourcecode.swift; path = APIManager.swift; sourceTree = "<group>"; };
		230271C42A541BA4006F09BF /* APIManager+Request.swift */ = {isa = PBXFileReference; lastKnownFileType = sourcecode.swift; path = "APIManager+Request.swift"; sourceTree = "<group>"; };
		230271C62A541BD0006F09BF /* APIManager+Error.swift */ = {isa = PBXFileReference; lastKnownFileType = sourcecode.swift; path = "APIManager+Error.swift"; sourceTree = "<group>"; };
		230271CC2A541F9A006F09BF /* Dynamics.swift */ = {isa = PBXFileReference; lastKnownFileType = sourcecode.swift; path = Dynamics.swift; sourceTree = "<group>"; };
		230271CE2A542056006F09BF /* APIManager+EndPoints.swift */ = {isa = PBXFileReference; lastKnownFileType = sourcecode.swift; path = "APIManager+EndPoints.swift"; sourceTree = "<group>"; };
		2358D5942A5BEED300E571D4 /* ArtistProfileViewModel.swift */ = {isa = PBXFileReference; lastKnownFileType = sourcecode.swift; path = ArtistProfileViewModel.swift; sourceTree = "<group>"; };
		2358D5982A5BF1F700E571D4 /* ViewArtistCoordinator.swift */ = {isa = PBXFileReference; lastKnownFileType = sourcecode.swift; path = ViewArtistCoordinator.swift; sourceTree = "<group>"; };
		2358D59A2A5C064D00E571D4 /* ArtistTopTrackCell.swift */ = {isa = PBXFileReference; lastKnownFileType = sourcecode.swift; path = ArtistTopTrackCell.swift; sourceTree = "<group>"; };
		2358D59D2A5C0F3000E571D4 /* ViewBackgroundGradient.swift */ = {isa = PBXFileReference; lastKnownFileType = sourcecode.swift; path = ViewBackgroundGradient.swift; sourceTree = "<group>"; };
		2358D59F2A5C215300E571D4 /* RelatedArtistCell.swift */ = {isa = PBXFileReference; lastKnownFileType = sourcecode.swift; path = RelatedArtistCell.swift; sourceTree = "<group>"; };
		2361F4542A5D2558006932F9 /* Artist.swift */ = {isa = PBXFileReference; lastKnownFileType = sourcecode.swift; path = Artist.swift; sourceTree = "<group>"; };
		2361F4592A5D25C5006932F9 /* ArtistProfile.swift */ = {isa = PBXFileReference; fileEncoding = 4; lastKnownFileType = sourcecode.swift; path = ArtistProfile.swift; sourceTree = "<group>"; };
		2364FFA72A5D2EB800E5025C /* ViewSong.storyboard */ = {isa = PBXFileReference; lastKnownFileType = file.storyboard; path = ViewSong.storyboard; sourceTree = "<group>"; };
		2364FFA92A5D39D600E5025C /* ViewSongVC.swift */ = {isa = PBXFileReference; lastKnownFileType = sourcecode.swift; path = ViewSongVC.swift; sourceTree = "<group>"; };
		2364FFAD2A5D3AA300E5025C /* ViewSongViewModel.swift */ = {isa = PBXFileReference; lastKnownFileType = sourcecode.swift; path = ViewSongViewModel.swift; sourceTree = "<group>"; };
		2364FFB02A5D41F500E5025C /* ViewSongCoordinator.swift */ = {isa = PBXFileReference; lastKnownFileType = sourcecode.swift; path = ViewSongCoordinator.swift; sourceTree = "<group>"; };
		2364FFB22A5D5E6B00E5025C /* TimeInterval+extension.swift */ = {isa = PBXFileReference; lastKnownFileType = sourcecode.swift; path = "TimeInterval+extension.swift"; sourceTree = "<group>"; };
		23846C022A5BED2E00DB5E41 /* UserArtistProfile.storyboard */ = {isa = PBXFileReference; lastKnownFileType = file.storyboard; path = UserArtistProfile.storyboard; sourceTree = "<group>"; };
		23846C062A5BEDEB00DB5E41 /* ArtistProfileVC.swift */ = {isa = PBXFileReference; lastKnownFileType = sourcecode.swift; path = ArtistProfileVC.swift; sourceTree = "<group>"; };
		2395AF2D2A5434870003B93B /* APIManager+ErrorHandler.swift */ = {isa = PBXFileReference; lastKnownFileType = sourcecode.swift; path = "APIManager+ErrorHandler.swift"; sourceTree = "<group>"; };
		2395AF362A5530460003B93B /* CVPlaylist.swift */ = {isa = PBXFileReference; lastKnownFileType = sourcecode.swift; path = CVPlaylist.swift; sourceTree = "<group>"; };
		2395AF372A5530460003B93B /* CVPlaylist.xib */ = {isa = PBXFileReference; lastKnownFileType = file.xib; path = CVPlaylist.xib; sourceTree = "<group>"; };
		2395AF3B2A5533390003B93B /* TVHomeCell.swift */ = {isa = PBXFileReference; lastKnownFileType = sourcecode.swift; path = TVHomeCell.swift; sourceTree = "<group>"; };
		2395AF3D2A55359D0003B93B /* HomeViewModel.swift */ = {isa = PBXFileReference; lastKnownFileType = sourcecode.swift; path = HomeViewModel.swift; sourceTree = "<group>"; };
		2395AF3F2A55360C0003B93B /* HomePlaylist.swift */ = {isa = PBXFileReference; lastKnownFileType = sourcecode.swift; path = HomePlaylist.swift; sourceTree = "<group>"; };
		2395AF412A5565720003B93B /* HomeAlbumb.swift */ = {isa = PBXFileReference; lastKnownFileType = sourcecode.swift; path = HomeAlbumb.swift; sourceTree = "<group>"; };
		2395AF482A5573090003B93B /* HomeDisplayData.swift */ = {isa = PBXFileReference; lastKnownFileType = sourcecode.swift; path = HomeDisplayData.swift; sourceTree = "<group>"; };
		2395AF4B2A55847C0003B93B /* TVHomeHeader.swift */ = {isa = PBXFileReference; lastKnownFileType = sourcecode.swift; path = TVHomeHeader.swift; sourceTree = "<group>"; };
		2395AF4C2A55847C0003B93B /* TVHomeHeader.xib */ = {isa = PBXFileReference; lastKnownFileType = file.xib; path = TVHomeHeader.xib; sourceTree = "<group>"; };
		2395AF4F2A559F6C0003B93B /* HomeFeatured.swift */ = {isa = PBXFileReference; lastKnownFileType = sourcecode.swift; path = HomeFeatured.swift; sourceTree = "<group>"; };
		23AFB5492A56B8E1005E03CF /* UserLibrary.storyboard */ = {isa = PBXFileReference; lastKnownFileType = file.storyboard; path = UserLibrary.storyboard; sourceTree = "<group>"; };
		23AFB54B2A56B8FF005E03CF /* UserLibraryVC.swift */ = {isa = PBXFileReference; lastKnownFileType = sourcecode.swift; path = UserLibraryVC.swift; sourceTree = "<group>"; };
		23AFB54D2A56B9A8005E03CF /* LibraryViewModel.swift */ = {isa = PBXFileReference; lastKnownFileType = sourcecode.swift; path = LibraryViewModel.swift; sourceTree = "<group>"; };
		23AFB5502A56BBA1005E03CF /* LibraryCell.swift */ = {isa = PBXFileReference; lastKnownFileType = sourcecode.swift; path = LibraryCell.swift; sourceTree = "<group>"; };
		23AFB5522A56BC21005E03CF /* LibraryPlaylist.swift */ = {isa = PBXFileReference; lastKnownFileType = sourcecode.swift; path = LibraryPlaylist.swift; sourceTree = "<group>"; };
		23AFB5562A56BDE0005E03CF /* CategoryCell.swift */ = {isa = PBXFileReference; lastKnownFileType = sourcecode.swift; path = CategoryCell.swift; sourceTree = "<group>"; };
		23AFB5592A56C374005E03CF /* LibraryCoordinator.swift */ = {isa = PBXFileReference; lastKnownFileType = sourcecode.swift; path = LibraryCoordinator.swift; sourceTree = "<group>"; };
		23AFB55B2A56C97F005E03CF /* LibraryDisplay.swift */ = {isa = PBXFileReference; lastKnownFileType = sourcecode.swift; path = LibraryDisplay.swift; sourceTree = "<group>"; };
		23AFB55D2A56D5BB005E03CF /* LibraryArtists.swift */ = {isa = PBXFileReference; lastKnownFileType = sourcecode.swift; path = LibraryArtists.swift; sourceTree = "<group>"; };
		23AFB55F2A56DB59005E03CF /* LibraryArtistsCell.swift */ = {isa = PBXFileReference; lastKnownFileType = sourcecode.swift; path = LibraryArtistsCell.swift; sourceTree = "<group>"; };
		23AFB5602A56DB59005E03CF /* LibraryArtistsCell.xib */ = {isa = PBXFileReference; lastKnownFileType = file.xib; path = LibraryArtistsCell.xib; sourceTree = "<group>"; };
		23E5B3032A56ED9A0090AD91 /* LibraryAlbum.swift */ = {isa = PBXFileReference; lastKnownFileType = sourcecode.swift; path = LibraryAlbum.swift; sourceTree = "<group>"; };
		23E5B30A2A57D9AC0090AD91 /* ViewPlaylist.storyboard */ = {isa = PBXFileReference; lastKnownFileType = file.storyboard; path = ViewPlaylist.storyboard; sourceTree = "<group>"; };
		23E5B30C2A57D9C10090AD91 /* ViewPlaylistVC.swift */ = {isa = PBXFileReference; lastKnownFileType = sourcecode.swift; path = ViewPlaylistVC.swift; sourceTree = "<group>"; };
		23E5B3112A57DECB0090AD91 /* SongCell.swift */ = {isa = PBXFileReference; lastKnownFileType = sourcecode.swift; path = SongCell.swift; sourceTree = "<group>"; };
		23E5B3142A57E06E0090AD91 /* ViewPlaylistCoordinator.swift */ = {isa = PBXFileReference; lastKnownFileType = sourcecode.swift; path = ViewPlaylistCoordinator.swift; sourceTree = "<group>"; };
		23E5B3162A57E5C80090AD91 /* Song.swift */ = {isa = PBXFileReference; lastKnownFileType = sourcecode.swift; path = Song.swift; sourceTree = "<group>"; };
		23E5B3182A57E83A0090AD91 /* ViewSongsViewModel.swift */ = {isa = PBXFileReference; lastKnownFileType = sourcecode.swift; path = ViewSongsViewModel.swift; sourceTree = "<group>"; };
		23E5B31A2A57F51C0090AD91 /* DisplaySong.swift */ = {isa = PBXFileReference; lastKnownFileType = sourcecode.swift; path = DisplaySong.swift; sourceTree = "<group>"; };
		23E5B31C2A5813220090AD91 /* AlbumSong.swift */ = {isa = PBXFileReference; lastKnownFileType = sourcecode.swift; path = AlbumSong.swift; sourceTree = "<group>"; };
		23E5B31E2A581B270090AD91 /* AlbumSongCell.swift */ = {isa = PBXFileReference; lastKnownFileType = sourcecode.swift; path = AlbumSongCell.swift; sourceTree = "<group>"; };
		23E5B31F2A581B270090AD91 /* AlbumSongCell.xib */ = {isa = PBXFileReference; lastKnownFileType = file.xib; path = AlbumSongCell.xib; sourceTree = "<group>"; };
		23E5B3222A582C250090AD91 /* AlbumArtist.swift */ = {isa = PBXFileReference; lastKnownFileType = sourcecode.swift; path = AlbumArtist.swift; sourceTree = "<group>"; };
		27E810A9ED1CA34D23D432E4 /* Pods-My Spotify.debug.xcconfig */ = {isa = PBXFileReference; includeInIndex = 1; lastKnownFileType = text.xcconfig; name = "Pods-My Spotify.debug.xcconfig"; path = "Target Support Files/Pods-My Spotify/Pods-My Spotify.debug.xcconfig"; sourceTree = "<group>"; };
		511D686C12192AA0A88331D3 /* Pods_My_Spotify.framework */ = {isa = PBXFileReference; explicitFileType = wrapper.framework; includeInIndex = 0; path = Pods_My_Spotify.framework; sourceTree = BUILT_PRODUCTS_DIR; };
		5D4E78549BF3E08923DAE99E /* Pods-My Spotify.release.xcconfig */ = {isa = PBXFileReference; includeInIndex = 1; lastKnownFileType = text.xcconfig; name = "Pods-My Spotify.release.xcconfig"; path = "Target Support Files/Pods-My Spotify/Pods-My Spotify.release.xcconfig"; sourceTree = "<group>"; };
		E8042EDE2A5BE1BC00431CC1 /* TrackOptionsViewModel.swift */ = {isa = PBXFileReference; lastKnownFileType = sourcecode.swift; path = TrackOptionsViewModel.swift; sourceTree = "<group>"; };
		E8042EE02A5BEC9100431CC1 /* TrackOptionCell.swift */ = {isa = PBXFileReference; lastKnownFileType = sourcecode.swift; path = TrackOptionCell.swift; sourceTree = "<group>"; };
		E8042EE32A5BED1500431CC1 /* Option.swift */ = {isa = PBXFileReference; lastKnownFileType = sourcecode.swift; path = Option.swift; sourceTree = "<group>"; };
		E84F68412A55937E00430D8A /* KeychainHelper.swift */ = {isa = PBXFileReference; lastKnownFileType = sourcecode.swift; path = KeychainHelper.swift; sourceTree = "<group>"; };
		E8B375FC2A53F6BE006107FD /* My Spotify.app */ = {isa = PBXFileReference; explicitFileType = wrapper.application; includeInIndex = 0; path = "My Spotify.app"; sourceTree = BUILT_PRODUCTS_DIR; };
		E8B375FF2A53F6BE006107FD /* AppDelegate.swift */ = {isa = PBXFileReference; lastKnownFileType = sourcecode.swift; path = AppDelegate.swift; sourceTree = "<group>"; };
		E8B376012A53F6BE006107FD /* SceneDelegate.swift */ = {isa = PBXFileReference; lastKnownFileType = sourcecode.swift; path = SceneDelegate.swift; sourceTree = "<group>"; };
		E8B376032A53F6BE006107FD /* HomeVC.swift */ = {isa = PBXFileReference; lastKnownFileType = sourcecode.swift; path = HomeVC.swift; sourceTree = "<group>"; };
		E8B376062A53F6BE006107FD /* Base */ = {isa = PBXFileReference; lastKnownFileType = file.storyboard; name = Base; path = Base.lproj/Home.storyboard; sourceTree = "<group>"; };
		E8B376082A53F6BF006107FD /* Assets.xcassets */ = {isa = PBXFileReference; lastKnownFileType = folder.assetcatalog; path = Assets.xcassets; sourceTree = "<group>"; };
		E8B3760B2A53F6BF006107FD /* Base */ = {isa = PBXFileReference; lastKnownFileType = file.storyboard; name = Base; path = Base.lproj/LaunchScreen.storyboard; sourceTree = "<group>"; };
		E8B3760D2A53F6BF006107FD /* Info.plist */ = {isa = PBXFileReference; lastKnownFileType = text.plist.xml; path = Info.plist; sourceTree = "<group>"; };
		E8B3761A2A53F961006107FD /* AppCoordinator.swift */ = {isa = PBXFileReference; lastKnownFileType = sourcecode.swift; path = AppCoordinator.swift; sourceTree = "<group>"; };
		E8B3761C2A53F987006107FD /* Coordinator.swift */ = {isa = PBXFileReference; lastKnownFileType = sourcecode.swift; path = Coordinator.swift; sourceTree = "<group>"; };
		E8B3761E2A53F9A0006107FD /* Storyboarded.swift */ = {isa = PBXFileReference; lastKnownFileType = sourcecode.swift; path = Storyboarded.swift; sourceTree = "<group>"; };
		E8B376202A53FABF006107FD /* HomeCoordinator.swift */ = {isa = PBXFileReference; lastKnownFileType = sourcecode.swift; path = HomeCoordinator.swift; sourceTree = "<group>"; };
		E8C38E282A56910A004CE02F /* RefreshTokenViewModel.swift */ = {isa = PBXFileReference; lastKnownFileType = sourcecode.swift; path = RefreshTokenViewModel.swift; sourceTree = "<group>"; };
		E8C38E2A2A5695FD004CE02F /* APIManager+Inerceptor.swift */ = {isa = PBXFileReference; lastKnownFileType = sourcecode.swift; path = "APIManager+Inerceptor.swift"; sourceTree = "<group>"; };
		E8C38E322A56B745004CE02F /* Search.storyboard */ = {isa = PBXFileReference; lastKnownFileType = file.storyboard; path = Search.storyboard; sourceTree = "<group>"; };
		E8C38E342A56BCA4004CE02F /* SearchVC.swift */ = {isa = PBXFileReference; lastKnownFileType = sourcecode.swift; path = SearchVC.swift; sourceTree = "<group>"; };
		E8C38E362A56BCF6004CE02F /* SearchCoordinator.swift */ = {isa = PBXFileReference; lastKnownFileType = sourcecode.swift; path = SearchCoordinator.swift; sourceTree = "<group>"; };
		E8C38E382A56C04B004CE02F /* SearchViewModel.swift */ = {isa = PBXFileReference; lastKnownFileType = sourcecode.swift; path = SearchViewModel.swift; sourceTree = "<group>"; };
		E8C38E3A2A56C0AC004CE02F /* Category.swift */ = {isa = PBXFileReference; lastKnownFileType = sourcecode.swift; path = Category.swift; sourceTree = "<group>"; };
		E8C38E402A56E210004CE02F /* UIColor+extentions.swift */ = {isa = PBXFileReference; lastKnownFileType = sourcecode.swift; path = "UIColor+extentions.swift"; sourceTree = "<group>"; };
		E8C38E422A56F211004CE02F /* SearchHistoryVC.swift */ = {isa = PBXFileReference; lastKnownFileType = sourcecode.swift; path = SearchHistoryVC.swift; sourceTree = "<group>"; };
		E8C38E442A56F2C0004CE02F /* SearchItemCell.swift */ = {isa = PBXFileReference; lastKnownFileType = sourcecode.swift; path = SearchItemCell.swift; sourceTree = "<group>"; };
		E8C38E462A56F388004CE02F /* SearchHistoryViewModel.swift */ = {isa = PBXFileReference; lastKnownFileType = sourcecode.swift; path = SearchHistoryViewModel.swift; sourceTree = "<group>"; };
		E8C38E482A56F3BF004CE02F /* Search.swift */ = {isa = PBXFileReference; lastKnownFileType = sourcecode.swift; path = Search.swift; sourceTree = "<group>"; };
		E8C38E4B2A57CF56004CE02F /* Album.swift */ = {isa = PBXFileReference; lastKnownFileType = sourcecode.swift; path = Album.swift; sourceTree = "<group>"; };
		E8C38E4E2A57CF74004CE02F /* Track.swift */ = {isa = PBXFileReference; lastKnownFileType = sourcecode.swift; path = Track.swift; sourceTree = "<group>"; };
		E8C38E522A57D0C1004CE02F /* Common.swift */ = {isa = PBXFileReference; lastKnownFileType = sourcecode.swift; path = Common.swift; sourceTree = "<group>"; };
		E8C38E582A583FC8004CE02F /* TrackOptions.storyboard */ = {isa = PBXFileReference; lastKnownFileType = file.storyboard; path = TrackOptions.storyboard; sourceTree = "<group>"; };
		E8C38E5A2A583FFD004CE02F /* TrackOptionsVC.swift */ = {isa = PBXFileReference; lastKnownFileType = sourcecode.swift; path = TrackOptionsVC.swift; sourceTree = "<group>"; };
		E8C38E5C2A584045004CE02F /* TrackOptionsCoordinator.swift */ = {isa = PBXFileReference; lastKnownFileType = sourcecode.swift; path = TrackOptionsCoordinator.swift; sourceTree = "<group>"; };
		E8D6D4C52A55284300D2D965 /* Auth.storyboard */ = {isa = PBXFileReference; lastKnownFileType = file.storyboard; path = Auth.storyboard; sourceTree = "<group>"; };
		E8D6D4C72A55333800D2D965 /* AuthVC.swift */ = {isa = PBXFileReference; lastKnownFileType = sourcecode.swift; path = AuthVC.swift; sourceTree = "<group>"; };
		E8D6D4C92A55336500D2D965 /* AuthCoordinator.swift */ = {isa = PBXFileReference; lastKnownFileType = sourcecode.swift; path = AuthCoordinator.swift; sourceTree = "<group>"; };
		E8D6D4CB2A5533E000D2D965 /* AuthViewModel.swift */ = {isa = PBXFileReference; lastKnownFileType = sourcecode.swift; path = AuthViewModel.swift; sourceTree = "<group>"; };
		E8D6D4CE2A5535D500D2D965 /* UIViewController+extentions.swift */ = {isa = PBXFileReference; lastKnownFileType = sourcecode.swift; path = "UIViewController+extentions.swift"; sourceTree = "<group>"; };
		E8D6D4D12A5537C500D2D965 /* AppConstants.swift */ = {isa = PBXFileReference; lastKnownFileType = sourcecode.swift; path = AppConstants.swift; sourceTree = "<group>"; };
		E8D6D4D42A55469700D2D965 /* AuthModel.swift */ = {isa = PBXFileReference; lastKnownFileType = sourcecode.swift; path = AuthModel.swift; sourceTree = "<group>"; };
		E8D6D4D62A554D3A00D2D965 /* URL+extentions.swift */ = {isa = PBXFileReference; lastKnownFileType = sourcecode.swift; path = "URL+extentions.swift"; sourceTree = "<group>"; };
		E8DF72C32A5D28E5001726DF /* CombineCoordinator.swift */ = {isa = PBXFileReference; lastKnownFileType = sourcecode.swift; path = CombineCoordinator.swift; sourceTree = "<group>"; };
		E8E3BE032A5D0EF6006F70FF /* SearchCategoryCell.swift */ = {isa = PBXFileReference; lastKnownFileType = sourcecode.swift; path = SearchCategoryCell.swift; sourceTree = "<group>"; };
/* End PBXFileReference section */

/* Begin PBXFrameworksBuildPhase section */
		E8B375F92A53F6BE006107FD /* Frameworks */ = {
			isa = PBXFrameworksBuildPhase;
			buildActionMask = 2147483647;
			files = (
				0110CDA57750CF601D37E6E3 /* Pods_My_Spotify.framework in Frameworks */,
			);
			runOnlyForDeploymentPostprocessing = 0;
		};
/* End PBXFrameworksBuildPhase section */

/* Begin PBXGroup section */
		230271C12A541B4F006F09BF /* Network Layer */ = {
			isa = PBXGroup;
			children = (
				230271C22A541B6A006F09BF /* APIManager.swift */,
				230271C42A541BA4006F09BF /* APIManager+Request.swift */,
				230271C62A541BD0006F09BF /* APIManager+Error.swift */,
				230271CE2A542056006F09BF /* APIManager+EndPoints.swift */,
				2395AF2D2A5434870003B93B /* APIManager+ErrorHandler.swift */,
				E8C38E282A56910A004CE02F /* RefreshTokenViewModel.swift */,
				E8C38E2A2A5695FD004CE02F /* APIManager+Inerceptor.swift */,
			);
			path = "Network Layer";
			sourceTree = "<group>";
		};
		230271CB2A541F88006F09BF /* Dynamics */ = {
			isa = PBXGroup;
			children = (
				230271CC2A541F9A006F09BF /* Dynamics.swift */,
			);
			path = Dynamics;
			sourceTree = "<group>";
		};
		2361F4582A5D25C5006932F9 /* Model */ = {
			isa = PBXGroup;
			children = (
				2361F4592A5D25C5006932F9 /* ArtistProfile.swift */,
			);
			path = Model;
			sourceTree = "<group>";
		};
		2364FFA52A5D2E1C00E5025C /* ViewSong */ = {
			isa = PBXGroup;
			children = (
				2364FFAF2A5D41E100E5025C /* Coordinator */,
				2364FFAC2A5D3A8200E5025C /* Model */,
				2364FFAB2A5D3A7900E5025C /* ViewModel */,
				2364FFA62A5D2E8800E5025C /* View */,
			);
			path = ViewSong;
			sourceTree = "<group>";
		};
		2364FFA62A5D2E8800E5025C /* View */ = {
			isa = PBXGroup;
			children = (
				2364FFA72A5D2EB800E5025C /* ViewSong.storyboard */,
				2364FFA92A5D39D600E5025C /* ViewSongVC.swift */,
			);
			path = View;
			sourceTree = "<group>";
		};
		2364FFAB2A5D3A7900E5025C /* ViewModel */ = {
			isa = PBXGroup;
			children = (
				2364FFAD2A5D3AA300E5025C /* ViewSongViewModel.swift */,
			);
			path = ViewModel;
			sourceTree = "<group>";
		};
		2364FFAC2A5D3A8200E5025C /* Model */ = {
			isa = PBXGroup;
			children = (
			);
			path = Model;
			sourceTree = "<group>";
		};
		2364FFAF2A5D41E100E5025C /* Coordinator */ = {
			isa = PBXGroup;
			children = (
				2364FFB02A5D41F500E5025C /* ViewSongCoordinator.swift */,
			);
			path = Coordinator;
			sourceTree = "<group>";
		};
		23846BFD2A5BECFD00DB5E41 /* ViewArtistUserProfile */ = {
			isa = PBXGroup;
			children = (
				2361F4582A5D25C5006932F9 /* Model */,
				23846C012A5BED1A00DB5E41 /* Coordinator */,
				23846BFF2A5BED0B00DB5E41 /* ViewModel */,
				23846BFE2A5BED0700DB5E41 /* View */,
			);
			path = ViewArtistUserProfile;
			sourceTree = "<group>";
		};
		23846BFE2A5BED0700DB5E41 /* View */ = {
			isa = PBXGroup;
			children = (
				23846C022A5BED2E00DB5E41 /* UserArtistProfile.storyboard */,
				23846C062A5BEDEB00DB5E41 /* ArtistProfileVC.swift */,
				2358D59A2A5C064D00E571D4 /* ArtistTopTrackCell.swift */,
				2358D59F2A5C215300E571D4 /* RelatedArtistCell.swift */,
			);
			path = View;
			sourceTree = "<group>";
		};
		23846BFF2A5BED0B00DB5E41 /* ViewModel */ = {
			isa = PBXGroup;
			children = (
				2358D5942A5BEED300E571D4 /* ArtistProfileViewModel.swift */,
			);
			path = ViewModel;
			sourceTree = "<group>";
		};
		23846C012A5BED1A00DB5E41 /* Coordinator */ = {
			isa = PBXGroup;
			children = (
				2358D5982A5BF1F700E571D4 /* ViewArtistCoordinator.swift */,
			);
			path = Coordinator;
			sourceTree = "<group>";
		};
		2395AF2F2A5527A10003B93B /* ViewModel */ = {
			isa = PBXGroup;
			children = (
				2395AF3D2A55359D0003B93B /* HomeViewModel.swift */,
			);
			path = ViewModel;
			sourceTree = "<group>";
		};
		2395AF302A5527AB0003B93B /* Model */ = {
			isa = PBXGroup;
			children = (
				2395AF3F2A55360C0003B93B /* HomePlaylist.swift */,
				2395AF412A5565720003B93B /* HomeAlbumb.swift */,
				2395AF482A5573090003B93B /* HomeDisplayData.swift */,
				2395AF4F2A559F6C0003B93B /* HomeFeatured.swift */,
			);
			path = Model;
			sourceTree = "<group>";
		};
		2395AF312A552FE00003B93B /* CVCell */ = {
			isa = PBXGroup;
			children = (
				2395AF362A5530460003B93B /* CVPlaylist.swift */,
				2395AF372A5530460003B93B /* CVPlaylist.xib */,
			);
			path = CVCell;
			sourceTree = "<group>";
		};
		2395AF3A2A55331E0003B93B /* TVCell */ = {
			isa = PBXGroup;
			children = (
				2395AF3B2A5533390003B93B /* TVHomeCell.swift */,
			);
			path = TVCell;
			sourceTree = "<group>";
		};
		2395AF4A2A5584450003B93B /* TvHomeHeader */ = {
			isa = PBXGroup;
			children = (
				2395AF4B2A55847C0003B93B /* TVHomeHeader.swift */,
				2395AF4C2A55847C0003B93B /* TVHomeHeader.xib */,
			);
			path = TvHomeHeader;
			sourceTree = "<group>";
		};
		23AFB5442A56B8B4005E03CF /* UserLibrary */ = {
			isa = PBXGroup;
			children = (
				23AFB5582A56C366005E03CF /* Coordinator */,
				23AFB54F2A56BAE6005E03CF /* Cell */,
				23AFB5472A56B8C7005E03CF /* Model */,
				23AFB5462A56B8C2005E03CF /* ViewModel */,
				23AFB5452A56B8BE005E03CF /* View */,
			);
			path = UserLibrary;
			sourceTree = "<group>";
		};
		23AFB5452A56B8BE005E03CF /* View */ = {
			isa = PBXGroup;
			children = (
				23AFB5492A56B8E1005E03CF /* UserLibrary.storyboard */,
				23AFB54B2A56B8FF005E03CF /* UserLibraryVC.swift */,
			);
			path = View;
			sourceTree = "<group>";
		};
		23AFB5462A56B8C2005E03CF /* ViewModel */ = {
			isa = PBXGroup;
			children = (
				23AFB54D2A56B9A8005E03CF /* LibraryViewModel.swift */,
			);
			path = ViewModel;
			sourceTree = "<group>";
		};
		23AFB5472A56B8C7005E03CF /* Model */ = {
			isa = PBXGroup;
			children = (
				23AFB5522A56BC21005E03CF /* LibraryPlaylist.swift */,
				23AFB55B2A56C97F005E03CF /* LibraryDisplay.swift */,
				23AFB55D2A56D5BB005E03CF /* LibraryArtists.swift */,
				23E5B3032A56ED9A0090AD91 /* LibraryAlbum.swift */,
			);
			path = Model;
			sourceTree = "<group>";
		};
		23AFB54F2A56BAE6005E03CF /* Cell */ = {
			isa = PBXGroup;
			children = (
				23AFB5502A56BBA1005E03CF /* LibraryCell.swift */,
				23AFB5562A56BDE0005E03CF /* CategoryCell.swift */,
				23AFB55F2A56DB59005E03CF /* LibraryArtistsCell.swift */,
				23AFB5602A56DB59005E03CF /* LibraryArtistsCell.xib */,
			);
			path = Cell;
			sourceTree = "<group>";
		};
		23AFB5582A56C366005E03CF /* Coordinator */ = {
			isa = PBXGroup;
			children = (
				23AFB5592A56C374005E03CF /* LibraryCoordinator.swift */,
			);
			path = Coordinator;
			sourceTree = "<group>";
		};
		23E5B3052A57D97B0090AD91 /* ViewPlaylist */ = {
			isa = PBXGroup;
			children = (
				23E5B3132A57E05C0090AD91 /* Coordinator */,
				23E5B3102A57DDB60090AD91 /* Cell */,
				23E5B3082A57D9970090AD91 /* Model */,
				23E5B3072A57D9900090AD91 /* ViewModel */,
				23E5B3062A57D98B0090AD91 /* View */,
			);
			path = ViewPlaylist;
			sourceTree = "<group>";
		};
		23E5B3062A57D98B0090AD91 /* View */ = {
			isa = PBXGroup;
			children = (
				23E5B30A2A57D9AC0090AD91 /* ViewPlaylist.storyboard */,
				23E5B30C2A57D9C10090AD91 /* ViewPlaylistVC.swift */,
			);
			path = View;
			sourceTree = "<group>";
		};
		23E5B3072A57D9900090AD91 /* ViewModel */ = {
			isa = PBXGroup;
			children = (
				23E5B3182A57E83A0090AD91 /* ViewSongsViewModel.swift */,
			);
			path = ViewModel;
			sourceTree = "<group>";
		};
		23E5B3082A57D9970090AD91 /* Model */ = {
			isa = PBXGroup;
			children = (
				23E5B3162A57E5C80090AD91 /* Song.swift */,
				23E5B31A2A57F51C0090AD91 /* DisplaySong.swift */,
				23E5B31C2A5813220090AD91 /* AlbumSong.swift */,
				23E5B3222A582C250090AD91 /* AlbumArtist.swift */,
			);
			path = Model;
			sourceTree = "<group>";
		};
		23E5B3102A57DDB60090AD91 /* Cell */ = {
			isa = PBXGroup;
			children = (
				23E5B3112A57DECB0090AD91 /* SongCell.swift */,
				23E5B31E2A581B270090AD91 /* AlbumSongCell.swift */,
				23E5B31F2A581B270090AD91 /* AlbumSongCell.xib */,
			);
			path = Cell;
			sourceTree = "<group>";
		};
		23E5B3132A57E05C0090AD91 /* Coordinator */ = {
			isa = PBXGroup;
			children = (
				23E5B3142A57E06E0090AD91 /* ViewPlaylistCoordinator.swift */,
			);
			path = Coordinator;
			sourceTree = "<group>";
		};
		3B7FB4DCE0D7424E43D06704 /* Frameworks */ = {
			isa = PBXGroup;
			children = (
				511D686C12192AA0A88331D3 /* Pods_My_Spotify.framework */,
			);
			name = Frameworks;
			sourceTree = "<group>";
		};
		D0AE670FC471A9430BBEC0B8 /* Pods */ = {
			isa = PBXGroup;
			children = (
				27E810A9ED1CA34D23D432E4 /* Pods-My Spotify.debug.xcconfig */,
				5D4E78549BF3E08923DAE99E /* Pods-My Spotify.release.xcconfig */,
			);
			path = Pods;
			sourceTree = "<group>";
		};
		E8042EDD2A5BE0CD00431CC1 /* ViewModels */ = {
			isa = PBXGroup;
			children = (
				E8042EDE2A5BE1BC00431CC1 /* TrackOptionsViewModel.swift */,
			);
			path = ViewModels;
			sourceTree = "<group>";
		};
		E8042EE22A5BED0000431CC1 /* Models */ = {
			isa = PBXGroup;
			children = (
				E8042EE32A5BED1500431CC1 /* Option.swift */,
			);
			path = Models;
			sourceTree = "<group>";
		};
		E84F68402A55936400430D8A /* Helpers */ = {
			isa = PBXGroup;
			children = (
				E84F68412A55937E00430D8A /* KeychainHelper.swift */,
			);
			path = Helpers;
			sourceTree = "<group>";
		};
		E85DC1D42A54177400EEAF04 /* Modules */ = {
			isa = PBXGroup;
			children = (
				2364FFA52A5D2E1C00E5025C /* ViewSong */,
				23846BFD2A5BECFD00DB5E41 /* ViewArtistUserProfile */,
				23E5B3052A57D97B0090AD91 /* ViewPlaylist */,
				23AFB5442A56B8B4005E03CF /* UserLibrary */,
				E8C38E2C2A56B675004CE02F /* Search */,
				E8C38E542A583F63004CE02F /* TrackOptions */,
				E8D6D4C12A5527D900D2D965 /* Auth */,
				E85DC1D52A54185300EEAF04 /* Home */,
			);
			path = Modules;
			sourceTree = "<group>";
		};
		E85DC1D52A54185300EEAF04 /* Home */ = {
			isa = PBXGroup;
			children = (
				2395AF302A5527AB0003B93B /* Model */,
				2395AF2F2A5527A10003B93B /* ViewModel */,
				E85DC1D72A54186300EEAF04 /* Controllers */,
				E85DC1D62A54185C00EEAF04 /* Views */,
			);
			path = Home;
			sourceTree = "<group>";
		};
		E85DC1D62A54185C00EEAF04 /* Views */ = {
			isa = PBXGroup;
			children = (
				2395AF4A2A5584450003B93B /* TvHomeHeader */,
				2395AF3A2A55331E0003B93B /* TVCell */,
				2395AF312A552FE00003B93B /* CVCell */,
				E8B376052A53F6BE006107FD /* Home.storyboard */,
			);
			path = Views;
			sourceTree = "<group>";
		};
		E85DC1D72A54186300EEAF04 /* Controllers */ = {
			isa = PBXGroup;
			children = (
				E8B376032A53F6BE006107FD /* HomeVC.swift */,
			);
			path = Controllers;
			sourceTree = "<group>";
		};
		E8B375F32A53F6BE006107FD = {
			isa = PBXGroup;
			children = (
				E8B375FE2A53F6BE006107FD /* My Spotify */,
				E8B375FD2A53F6BE006107FD /* Products */,
				D0AE670FC471A9430BBEC0B8 /* Pods */,
				3B7FB4DCE0D7424E43D06704 /* Frameworks */,
			);
			sourceTree = "<group>";
		};
		E8B375FD2A53F6BE006107FD /* Products */ = {
			isa = PBXGroup;
			children = (
				E8B375FC2A53F6BE006107FD /* My Spotify.app */,
			);
			name = Products;
			sourceTree = "<group>";
		};
		E8B375FE2A53F6BE006107FD /* My Spotify */ = {
			isa = PBXGroup;
			children = (
				E8C38E4A2A57CF19004CE02F /* Models */,
				E84F68402A55936400430D8A /* Helpers */,
				E8D6D4D02A5537AA00D2D965 /* Utils */,
				E8D6D4CD2A5535AD00D2D965 /* Extentions */,
				230271CB2A541F88006F09BF /* Dynamics */,
				230271C12A541B4F006F09BF /* Network Layer */,
				E85DC1D42A54177400EEAF04 /* Modules */,
				E8B376142A53F790006107FD /* Coordinators */,
				E8B376132A53F76E006107FD /* Resources */,
				E8B3760D2A53F6BF006107FD /* Info.plist */,
			);
			path = "My Spotify";
			sourceTree = "<group>";
		};
		E8B376132A53F76E006107FD /* Resources */ = {
			isa = PBXGroup;
			children = (
				E8B3760A2A53F6BF006107FD /* LaunchScreen.storyboard */,
				E8B376082A53F6BF006107FD /* Assets.xcassets */,
				E8B375FF2A53F6BE006107FD /* AppDelegate.swift */,
				E8B376012A53F6BE006107FD /* SceneDelegate.swift */,
				2358D59D2A5C0F3000E571D4 /* ViewBackgroundGradient.swift */,
			);
			path = Resources;
			sourceTree = "<group>";
		};
		E8B376142A53F790006107FD /* Coordinators */ = {
			isa = PBXGroup;
			children = (
				E8B3761A2A53F961006107FD /* AppCoordinator.swift */,
				E8B3761C2A53F987006107FD /* Coordinator.swift */,
				E8B376202A53FABF006107FD /* HomeCoordinator.swift */,
				E8D6D4C92A55336500D2D965 /* AuthCoordinator.swift */,
				E8B3761E2A53F9A0006107FD /* Storyboarded.swift */,
				E8C38E362A56BCF6004CE02F /* SearchCoordinator.swift */,
				E8C38E5C2A584045004CE02F /* TrackOptionsCoordinator.swift */,
				E8DF72C32A5D28E5001726DF /* CombineCoordinator.swift */,
			);
			path = Coordinators;
			sourceTree = "<group>";
		};
		E8C38E2C2A56B675004CE02F /* Search */ = {
			isa = PBXGroup;
			children = (
				E8C38E312A56B71B004CE02F /* ViewModels */,
				E8C38E302A56B716004CE02F /* Models */,
				E8C38E2E2A56B68C004CE02F /* Controllers */,
				E8C38E2D2A56B686004CE02F /* Views */,
			);
			path = Search;
			sourceTree = "<group>";
		};
		E8C38E2D2A56B686004CE02F /* Views */ = {
			isa = PBXGroup;
			children = (
				E8C38E322A56B745004CE02F /* Search.storyboard */,
				E8C38E442A56F2C0004CE02F /* SearchItemCell.swift */,
				E8E3BE032A5D0EF6006F70FF /* SearchCategoryCell.swift */,
			);
			path = Views;
			sourceTree = "<group>";
		};
		E8C38E2E2A56B68C004CE02F /* Controllers */ = {
			isa = PBXGroup;
			children = (
				E8C38E342A56BCA4004CE02F /* SearchVC.swift */,
				E8C38E422A56F211004CE02F /* SearchHistoryVC.swift */,
			);
			path = Controllers;
			sourceTree = "<group>";
		};
		E8C38E302A56B716004CE02F /* Models */ = {
			isa = PBXGroup;
			children = (
				E8C38E3A2A56C0AC004CE02F /* Category.swift */,
				E8C38E482A56F3BF004CE02F /* Search.swift */,
			);
			path = Models;
			sourceTree = "<group>";
		};
		E8C38E312A56B71B004CE02F /* ViewModels */ = {
			isa = PBXGroup;
			children = (
				E8C38E382A56C04B004CE02F /* SearchViewModel.swift */,
				E8C38E462A56F388004CE02F /* SearchHistoryViewModel.swift */,
			);
			path = ViewModels;
			sourceTree = "<group>";
		};
		E8C38E4A2A57CF19004CE02F /* Models */ = {
			isa = PBXGroup;
			children = (
				E8C38E4B2A57CF56004CE02F /* Album.swift */,
				E8C38E4E2A57CF74004CE02F /* Track.swift */,
				E8C38E522A57D0C1004CE02F /* Common.swift */,
				2361F4542A5D2558006932F9 /* Artist.swift */,
			);
			path = Models;
			sourceTree = "<group>";
		};
		E8C38E542A583F63004CE02F /* TrackOptions */ = {
			isa = PBXGroup;
			children = (
				E8042EE22A5BED0000431CC1 /* Models */,
				E8042EDD2A5BE0CD00431CC1 /* ViewModels */,
				E8C38E572A583F9D004CE02F /* Controllers */,
				E8C38E552A583F8D004CE02F /* Views */,
			);
			path = TrackOptions;
			sourceTree = "<group>";
		};
		E8C38E552A583F8D004CE02F /* Views */ = {
			isa = PBXGroup;
			children = (
				E8C38E582A583FC8004CE02F /* TrackOptions.storyboard */,
				E8042EE02A5BEC9100431CC1 /* TrackOptionCell.swift */,
			);
			path = Views;
			sourceTree = "<group>";
		};
		E8C38E572A583F9D004CE02F /* Controllers */ = {
			isa = PBXGroup;
			children = (
				E8C38E5A2A583FFD004CE02F /* TrackOptionsVC.swift */,
			);
			path = Controllers;
			sourceTree = "<group>";
		};
		E8D6D4C12A5527D900D2D965 /* Auth */ = {
			isa = PBXGroup;
			children = (
				E8D6D4D32A55439E00D2D965 /* Models */,
				E8D6D4C42A5527F100D2D965 /* Controllers */,
				E8D6D4C32A5527E800D2D965 /* ViewModels */,
				E8D6D4C22A5527E200D2D965 /* Views */,
			);
			path = Auth;
			sourceTree = "<group>";
		};
		E8D6D4C22A5527E200D2D965 /* Views */ = {
			isa = PBXGroup;
			children = (
				E8D6D4C52A55284300D2D965 /* Auth.storyboard */,
			);
			path = Views;
			sourceTree = "<group>";
		};
		E8D6D4C32A5527E800D2D965 /* ViewModels */ = {
			isa = PBXGroup;
			children = (
				E8D6D4CB2A5533E000D2D965 /* AuthViewModel.swift */,
			);
			path = ViewModels;
			sourceTree = "<group>";
		};
		E8D6D4C42A5527F100D2D965 /* Controllers */ = {
			isa = PBXGroup;
			children = (
				E8D6D4C72A55333800D2D965 /* AuthVC.swift */,
			);
			path = Controllers;
			sourceTree = "<group>";
		};
		E8D6D4CD2A5535AD00D2D965 /* Extentions */ = {
			isa = PBXGroup;
			children = (
				E8D6D4CE2A5535D500D2D965 /* UIViewController+extentions.swift */,
				E8D6D4D62A554D3A00D2D965 /* URL+extentions.swift */,
				E8C38E402A56E210004CE02F /* UIColor+extentions.swift */,
				2364FFB22A5D5E6B00E5025C /* TimeInterval+extension.swift */,
			);
			path = Extentions;
			sourceTree = "<group>";
		};
		E8D6D4D02A5537AA00D2D965 /* Utils */ = {
			isa = PBXGroup;
			children = (
				E8D6D4D12A5537C500D2D965 /* AppConstants.swift */,
			);
			path = Utils;
			sourceTree = "<group>";
		};
		E8D6D4D32A55439E00D2D965 /* Models */ = {
			isa = PBXGroup;
			children = (
				E8D6D4D42A55469700D2D965 /* AuthModel.swift */,
			);
			path = Models;
			sourceTree = "<group>";
		};
/* End PBXGroup section */

/* Begin PBXNativeTarget section */
		E8B375FB2A53F6BE006107FD /* My Spotify */ = {
			isa = PBXNativeTarget;
			buildConfigurationList = E8B376102A53F6BF006107FD /* Build configuration list for PBXNativeTarget "My Spotify" */;
			buildPhases = (
				DB05E9ED29AC55FB04DAD8C1 /* [CP] Check Pods Manifest.lock */,
				E8B375F82A53F6BE006107FD /* Sources */,
				E8B375F92A53F6BE006107FD /* Frameworks */,
				E8B375FA2A53F6BE006107FD /* Resources */,
				D5B990B2657650E0FC7812EF /* [CP] Embed Pods Frameworks */,
			);
			buildRules = (
			);
			dependencies = (
			);
			name = "My Spotify";
			productName = "My Spotify";
			productReference = E8B375FC2A53F6BE006107FD /* My Spotify.app */;
			productType = "com.apple.product-type.application";
		};
/* End PBXNativeTarget section */

/* Begin PBXProject section */
		E8B375F42A53F6BE006107FD /* Project object */ = {
			isa = PBXProject;
			attributes = {
				BuildIndependentTargetsInParallel = 1;
				LastSwiftUpdateCheck = 1420;
				LastUpgradeCheck = 1420;
				TargetAttributes = {
					E8B375FB2A53F6BE006107FD = {
						CreatedOnToolsVersion = 14.2;
					};
				};
			};
			buildConfigurationList = E8B375F72A53F6BE006107FD /* Build configuration list for PBXProject "My Spotify" */;
			compatibilityVersion = "Xcode 14.0";
			developmentRegion = en;
			hasScannedForEncodings = 0;
			knownRegions = (
				en,
				Base,
			);
			mainGroup = E8B375F32A53F6BE006107FD;
			productRefGroup = E8B375FD2A53F6BE006107FD /* Products */;
			projectDirPath = "";
			projectRoot = "";
			targets = (
				E8B375FB2A53F6BE006107FD /* My Spotify */,
			);
		};
/* End PBXProject section */

/* Begin PBXResourcesBuildPhase section */
		E8B375FA2A53F6BE006107FD /* Resources */ = {
			isa = PBXResourcesBuildPhase;
			buildActionMask = 2147483647;
			files = (
				E8D6D4C62A55284300D2D965 /* Auth.storyboard in Resources */,
				E8B3760C2A53F6BF006107FD /* LaunchScreen.storyboard in Resources */,
				23846C032A5BED2E00DB5E41 /* UserArtistProfile.storyboard in Resources */,
				E8B376092A53F6BF006107FD /* Assets.xcassets in Resources */,
				2395AF392A5530460003B93B /* CVPlaylist.xib in Resources */,
				2395AF4E2A55847C0003B93B /* TVHomeHeader.xib in Resources */,
				23E5B30B2A57D9AC0090AD91 /* ViewPlaylist.storyboard in Resources */,
				E8B376072A53F6BE006107FD /* Home.storyboard in Resources */,
				2364FFA82A5D2EB800E5025C /* ViewSong.storyboard in Resources */,
				23AFB5622A56DB59005E03CF /* LibraryArtistsCell.xib in Resources */,
				23AFB54A2A56B8E1005E03CF /* UserLibrary.storyboard in Resources */,
				23E5B3212A581B270090AD91 /* AlbumSongCell.xib in Resources */,
				E8C38E332A56B745004CE02F /* Search.storyboard in Resources */,
				E8C38E592A583FC8004CE02F /* TrackOptions.storyboard in Resources */,
			);
			runOnlyForDeploymentPostprocessing = 0;
		};
/* End PBXResourcesBuildPhase section */

/* Begin PBXShellScriptBuildPhase section */
		D5B990B2657650E0FC7812EF /* [CP] Embed Pods Frameworks */ = {
			isa = PBXShellScriptBuildPhase;
			buildActionMask = 2147483647;
			files = (
			);
			inputFileListPaths = (
				"${PODS_ROOT}/Target Support Files/Pods-My Spotify/Pods-My Spotify-frameworks-${CONFIGURATION}-input-files.xcfilelist",
			);
			name = "[CP] Embed Pods Frameworks";
			outputFileListPaths = (
				"${PODS_ROOT}/Target Support Files/Pods-My Spotify/Pods-My Spotify-frameworks-${CONFIGURATION}-output-files.xcfilelist",
			);
			runOnlyForDeploymentPostprocessing = 0;
			shellPath = /bin/sh;
			shellScript = "\"${PODS_ROOT}/Target Support Files/Pods-My Spotify/Pods-My Spotify-frameworks.sh\"\n";
			showEnvVarsInLog = 0;
		};
		DB05E9ED29AC55FB04DAD8C1 /* [CP] Check Pods Manifest.lock */ = {
			isa = PBXShellScriptBuildPhase;
			buildActionMask = 2147483647;
			files = (
			);
			inputFileListPaths = (
			);
			inputPaths = (
				"${PODS_PODFILE_DIR_PATH}/Podfile.lock",
				"${PODS_ROOT}/Manifest.lock",
			);
			name = "[CP] Check Pods Manifest.lock";
			outputFileListPaths = (
			);
			outputPaths = (
				"$(DERIVED_FILE_DIR)/Pods-My Spotify-checkManifestLockResult.txt",
			);
			runOnlyForDeploymentPostprocessing = 0;
			shellPath = /bin/sh;
			shellScript = "diff \"${PODS_PODFILE_DIR_PATH}/Podfile.lock\" \"${PODS_ROOT}/Manifest.lock\" > /dev/null\nif [ $? != 0 ] ; then\n    # print error to STDERR\n    echo \"error: The sandbox is not in sync with the Podfile.lock. Run 'pod install' or update your CocoaPods installation.\" >&2\n    exit 1\nfi\n# This output is used by Xcode 'outputs' to avoid re-running this script phase.\necho \"SUCCESS\" > \"${SCRIPT_OUTPUT_FILE_0}\"\n";
			showEnvVarsInLog = 0;
		};
/* End PBXShellScriptBuildPhase section */

/* Begin PBXSourcesBuildPhase section */
		E8B375F82A53F6BE006107FD /* Sources */ = {
			isa = PBXSourcesBuildPhase;
			buildActionMask = 2147483647;
			files = (
				E8C38E492A56F3BF004CE02F /* Search.swift in Sources */,
				E8C38E352A56BCA4004CE02F /* SearchVC.swift in Sources */,
				230271C32A541B6A006F09BF /* APIManager.swift in Sources */,
				E8C38E4C2A57CF56004CE02F /* Album.swift in Sources */,
				E8C38E5B2A583FFD004CE02F /* TrackOptionsVC.swift in Sources */,
				2395AF2E2A5434870003B93B /* APIManager+ErrorHandler.swift in Sources */,
				E8042EDF2A5BE1BC00431CC1 /* TrackOptionsViewModel.swift in Sources */,
				E8C38E4F2A57CF74004CE02F /* Track.swift in Sources */,
				230271CF2A542056006F09BF /* APIManager+EndPoints.swift in Sources */,
				23846C072A5BEDEB00DB5E41 /* ArtistProfileVC.swift in Sources */,
				23AFB55E2A56D5BB005E03CF /* LibraryArtists.swift in Sources */,
				23AFB5572A56BDE0005E03CF /* CategoryCell.swift in Sources */,
				23E5B30D2A57D9C10090AD91 /* ViewPlaylistVC.swift in Sources */,
				E8D6D4CA2A55336500D2D965 /* AuthCoordinator.swift in Sources */,
				E84F68422A55937E00430D8A /* KeychainHelper.swift in Sources */,
				E8042EE12A5BEC9100431CC1 /* TrackOptionCell.swift in Sources */,
				E8B3761B2A53F961006107FD /* AppCoordinator.swift in Sources */,
				23E5B31B2A57F51C0090AD91 /* DisplaySong.swift in Sources */,
				E8D6D4C82A55333800D2D965 /* AuthVC.swift in Sources */,
				E8C38E2B2A5695FD004CE02F /* APIManager+Inerceptor.swift in Sources */,
				23AFB54E2A56B9A8005E03CF /* LibraryViewModel.swift in Sources */,
				E8D6D4D72A554D3A00D2D965 /* URL+extentions.swift in Sources */,
				2395AF3E2A55359D0003B93B /* HomeViewModel.swift in Sources */,
				2364FFB12A5D41F500E5025C /* ViewSongCoordinator.swift in Sources */,
				2358D5952A5BEED300E571D4 /* ArtistProfileViewModel.swift in Sources */,
				E8B3761B2A53F961006107FD /* AppCoordinator.swift in Sources */,
				2395AF382A5530460003B93B /* CVPlaylist.swift in Sources */,
				E8C38E472A56F388004CE02F /* SearchHistoryViewModel.swift in Sources */,
				E8B376042A53F6BE006107FD /* HomeVC.swift in Sources */,
				23E5B3172A57E5C80090AD91 /* Song.swift in Sources */,
				23AFB55A2A56C374005E03CF /* LibraryCoordinator.swift in Sources */,
				E8B3761D2A53F987006107FD /* Coordinator.swift in Sources */,
				23E5B3122A57DECB0090AD91 /* SongCell.swift in Sources */,
				23AFB55C2A56C97F005E03CF /* LibraryDisplay.swift in Sources */,
				23AFB54C2A56B8FF005E03CF /* UserLibraryVC.swift in Sources */,
				23E5B31D2A5813220090AD91 /* AlbumSong.swift in Sources */,
				23E5B3202A581B270090AD91 /* AlbumSongCell.swift in Sources */,
				E8D6D4D52A55469700D2D965 /* AuthModel.swift in Sources */,
				23AFB5612A56DB59005E03CF /* LibraryArtistsCell.swift in Sources */,
				2364FFB32A5D5E6B00E5025C /* TimeInterval+extension.swift in Sources */,
				E8B376002A53F6BE006107FD /* AppDelegate.swift in Sources */,
				E8C38E5D2A584045004CE02F /* TrackOptionsCoordinator.swift in Sources */,
				230271C72A541BD0006F09BF /* APIManager+Error.swift in Sources */,
				230271C72A541BD0006F09BF /* APIManager+Error.swift in Sources */,
				2358D5992A5BF1F700E571D4 /* ViewArtistCoordinator.swift in Sources */,
				2364FFAA2A5D39D600E5025C /* ViewSongVC.swift in Sources */,
				230271C72A541BD0006F09BF /* APIManager+Error.swift in Sources */,
				23E5B3152A57E06E0090AD91 /* ViewPlaylistCoordinator.swift in Sources */,
				E8B376022A53F6BE006107FD /* SceneDelegate.swift in Sources */,
				23E5B3042A56ED9A0090AD91 /* LibraryAlbum.swift in Sources */,
				23E5B3232A582C250090AD91 /* AlbumArtist.swift in Sources */,
				2361F4552A5D2558006932F9 /* Artist.swift in Sources */,
				2358D59B2A5C064D00E571D4 /* ArtistTopTrackCell.swift in Sources */,
				2361F45A2A5D25C5006932F9 /* ArtistProfile.swift in Sources */,
				23AFB5512A56BBA1005E03CF /* LibraryCell.swift in Sources */,
				230271C72A541BD0006F09BF /* APIManager+Error.swift in Sources */,
				E8042EE42A5BED1500431CC1 /* Option.swift in Sources */,
				E8C38E452A56F2C0004CE02F /* SearchItemCell.swift in Sources */,
				E8B376022A53F6BE006107FD /* SceneDelegate.swift in Sources */,
				E8C38E432A56F211004CE02F /* SearchHistoryVC.swift in Sources */,
				2358D5A02A5C215300E571D4 /* RelatedArtistCell.swift in Sources */,
				230271C52A541BA4006F09BF /* APIManager+Request.swift in Sources */,
				E8D6D4CC2A5533E000D2D965 /* AuthViewModel.swift in Sources */,
				E8C38E392A56C04B004CE02F /* SearchViewModel.swift in Sources */,
				E8C38E292A56910A004CE02F /* RefreshTokenViewModel.swift in Sources */,
				230271C72A541BD0006F09BF /* APIManager+Error.swift in Sources */,
				2364FFAE2A5D3AA300E5025C /* ViewSongViewModel.swift in Sources */,
				2395AF402A55360C0003B93B /* HomePlaylist.swift in Sources */,
				E8B376022A53F6BE006107FD /* SceneDelegate.swift in Sources */,
				E8C38E432A56F211004CE02F /* SearchHistoryVC.swift in Sources */,
				230271C52A541BA4006F09BF /* APIManager+Request.swift in Sources */,
				E8D6D4CC2A5533E000D2D965 /* AuthViewModel.swift in Sources */,
				2395AF492A5573090003B93B /* HomeDisplayData.swift in Sources */,
				E8B376212A53FABF006107FD /* HomeCoordinator.swift in Sources */,
				23AFB5532A56BC21005E03CF /* LibraryPlaylist.swift in Sources */,
				E8D6D4CF2A5535D500D2D965 /* UIViewController+extentions.swift in Sources */,
				E8C38E372A56BCF6004CE02F /* SearchCoordinator.swift in Sources */,
				E8C38E3B2A56C0AC004CE02F /* Category.swift in Sources */,
				E8C38E412A56E210004CE02F /* UIColor+extentions.swift in Sources */,
				E8DF72C42A5D28E5001726DF /* CombineCoordinator.swift in Sources */,
				E8C38E532A57D0C1004CE02F /* Common.swift in Sources */,
				E8E3BE042A5D0EF6006F70FF /* SearchCategoryCell.swift in Sources */,
				E8B3761F2A53F9A0006107FD /* Storyboarded.swift in Sources */,
				2395AF422A5565720003B93B /* HomeAlbumb.swift in Sources */,
				2395AF4D2A55847C0003B93B /* TVHomeHeader.swift in Sources */,
				2395AF502A559F6C0003B93B /* HomeFeatured.swift in Sources */,
				2395AF3C2A5533390003B93B /* TVHomeCell.swift in Sources */,
				230271CD2A541F9A006F09BF /* Dynamics.swift in Sources */,
				E8D6D4D22A5537C500D2D965 /* AppConstants.swift in Sources */,
				2358D59E2A5C0F3000E571D4 /* ViewBackgroundGradient.swift in Sources */,
				23E5B3192A57E83A0090AD91 /* ViewSongsViewModel.swift in Sources */,
			);
			runOnlyForDeploymentPostprocessing = 0;
		};
/* End PBXSourcesBuildPhase section */

/* Begin PBXVariantGroup section */
		E8B376052A53F6BE006107FD /* Home.storyboard */ = {
			isa = PBXVariantGroup;
			children = (
				E8B376062A53F6BE006107FD /* Base */,
			);
			name = Home.storyboard;
			sourceTree = "<group>";
		};
		E8B3760A2A53F6BF006107FD /* LaunchScreen.storyboard */ = {
			isa = PBXVariantGroup;
			children = (
				E8B3760B2A53F6BF006107FD /* Base */,
			);
			name = LaunchScreen.storyboard;
			sourceTree = "<group>";
		};
/* End PBXVariantGroup section */

/* Begin XCBuildConfiguration section */
		E8B3760E2A53F6BF006107FD /* Debug */ = {
			isa = XCBuildConfiguration;
			buildSettings = {
				ALWAYS_SEARCH_USER_PATHS = NO;
				CLANG_ANALYZER_NONNULL = YES;
				CLANG_ANALYZER_NUMBER_OBJECT_CONVERSION = YES_AGGRESSIVE;
				CLANG_CXX_LANGUAGE_STANDARD = "gnu++20";
				CLANG_ENABLE_MODULES = YES;
				CLANG_ENABLE_OBJC_ARC = YES;
				CLANG_ENABLE_OBJC_WEAK = YES;
				CLANG_WARN_BLOCK_CAPTURE_AUTORELEASING = YES;
				CLANG_WARN_BOOL_CONVERSION = YES;
				CLANG_WARN_COMMA = YES;
				CLANG_WARN_CONSTANT_CONVERSION = YES;
				CLANG_WARN_DEPRECATED_OBJC_IMPLEMENTATIONS = YES;
				CLANG_WARN_DIRECT_OBJC_ISA_USAGE = YES_ERROR;
				CLANG_WARN_DOCUMENTATION_COMMENTS = YES;
				CLANG_WARN_EMPTY_BODY = YES;
				CLANG_WARN_ENUM_CONVERSION = YES;
				CLANG_WARN_INFINITE_RECURSION = YES;
				CLANG_WARN_INT_CONVERSION = YES;
				CLANG_WARN_NON_LITERAL_NULL_CONVERSION = YES;
				CLANG_WARN_OBJC_IMPLICIT_RETAIN_SELF = YES;
				CLANG_WARN_OBJC_LITERAL_CONVERSION = YES;
				CLANG_WARN_OBJC_ROOT_CLASS = YES_ERROR;
				CLANG_WARN_QUOTED_INCLUDE_IN_FRAMEWORK_HEADER = YES;
				CLANG_WARN_RANGE_LOOP_ANALYSIS = YES;
				CLANG_WARN_STRICT_PROTOTYPES = YES;
				CLANG_WARN_SUSPICIOUS_MOVE = YES;
				CLANG_WARN_UNGUARDED_AVAILABILITY = YES_AGGRESSIVE;
				CLANG_WARN_UNREACHABLE_CODE = YES;
				CLANG_WARN__DUPLICATE_METHOD_MATCH = YES;
				COPY_PHASE_STRIP = NO;
				DEBUG_INFORMATION_FORMAT = dwarf;
				ENABLE_STRICT_OBJC_MSGSEND = YES;
				ENABLE_TESTABILITY = YES;
				GCC_C_LANGUAGE_STANDARD = gnu11;
				GCC_DYNAMIC_NO_PIC = NO;
				GCC_NO_COMMON_BLOCKS = YES;
				GCC_OPTIMIZATION_LEVEL = 0;
				GCC_PREPROCESSOR_DEFINITIONS = (
					"DEBUG=1",
					"$(inherited)",
				);
				GCC_WARN_64_TO_32_BIT_CONVERSION = YES;
				GCC_WARN_ABOUT_RETURN_TYPE = YES_ERROR;
				GCC_WARN_UNDECLARED_SELECTOR = YES;
				GCC_WARN_UNINITIALIZED_AUTOS = YES_AGGRESSIVE;
				GCC_WARN_UNUSED_FUNCTION = YES;
				GCC_WARN_UNUSED_VARIABLE = YES;
				IPHONEOS_DEPLOYMENT_TARGET = 16.2;
				MTL_ENABLE_DEBUG_INFO = INCLUDE_SOURCE;
				MTL_FAST_MATH = YES;
				ONLY_ACTIVE_ARCH = YES;
				SDKROOT = iphoneos;
				SWIFT_ACTIVE_COMPILATION_CONDITIONS = DEBUG;
				SWIFT_OPTIMIZATION_LEVEL = "-Onone";
			};
			name = Debug;
		};
		E8B3760F2A53F6BF006107FD /* Release */ = {
			isa = XCBuildConfiguration;
			buildSettings = {
				ALWAYS_SEARCH_USER_PATHS = NO;
				CLANG_ANALYZER_NONNULL = YES;
				CLANG_ANALYZER_NUMBER_OBJECT_CONVERSION = YES_AGGRESSIVE;
				CLANG_CXX_LANGUAGE_STANDARD = "gnu++20";
				CLANG_ENABLE_MODULES = YES;
				CLANG_ENABLE_OBJC_ARC = YES;
				CLANG_ENABLE_OBJC_WEAK = YES;
				CLANG_WARN_BLOCK_CAPTURE_AUTORELEASING = YES;
				CLANG_WARN_BOOL_CONVERSION = YES;
				CLANG_WARN_COMMA = YES;
				CLANG_WARN_CONSTANT_CONVERSION = YES;
				CLANG_WARN_DEPRECATED_OBJC_IMPLEMENTATIONS = YES;
				CLANG_WARN_DIRECT_OBJC_ISA_USAGE = YES_ERROR;
				CLANG_WARN_DOCUMENTATION_COMMENTS = YES;
				CLANG_WARN_EMPTY_BODY = YES;
				CLANG_WARN_ENUM_CONVERSION = YES;
				CLANG_WARN_INFINITE_RECURSION = YES;
				CLANG_WARN_INT_CONVERSION = YES;
				CLANG_WARN_NON_LITERAL_NULL_CONVERSION = YES;
				CLANG_WARN_OBJC_IMPLICIT_RETAIN_SELF = YES;
				CLANG_WARN_OBJC_LITERAL_CONVERSION = YES;
				CLANG_WARN_OBJC_ROOT_CLASS = YES_ERROR;
				CLANG_WARN_QUOTED_INCLUDE_IN_FRAMEWORK_HEADER = YES;
				CLANG_WARN_RANGE_LOOP_ANALYSIS = YES;
				CLANG_WARN_STRICT_PROTOTYPES = YES;
				CLANG_WARN_SUSPICIOUS_MOVE = YES;
				CLANG_WARN_UNGUARDED_AVAILABILITY = YES_AGGRESSIVE;
				CLANG_WARN_UNREACHABLE_CODE = YES;
				CLANG_WARN__DUPLICATE_METHOD_MATCH = YES;
				COPY_PHASE_STRIP = NO;
				DEBUG_INFORMATION_FORMAT = "dwarf-with-dsym";
				ENABLE_NS_ASSERTIONS = NO;
				ENABLE_STRICT_OBJC_MSGSEND = YES;
				GCC_C_LANGUAGE_STANDARD = gnu11;
				GCC_NO_COMMON_BLOCKS = YES;
				GCC_WARN_64_TO_32_BIT_CONVERSION = YES;
				GCC_WARN_ABOUT_RETURN_TYPE = YES_ERROR;
				GCC_WARN_UNDECLARED_SELECTOR = YES;
				GCC_WARN_UNINITIALIZED_AUTOS = YES_AGGRESSIVE;
				GCC_WARN_UNUSED_FUNCTION = YES;
				GCC_WARN_UNUSED_VARIABLE = YES;
				IPHONEOS_DEPLOYMENT_TARGET = 16.2;
				MTL_ENABLE_DEBUG_INFO = NO;
				MTL_FAST_MATH = YES;
				SDKROOT = iphoneos;
				SWIFT_COMPILATION_MODE = wholemodule;
				SWIFT_OPTIMIZATION_LEVEL = "-O";
				VALIDATE_PRODUCT = YES;
			};
			name = Release;
		};
		E8B376112A53F6BF006107FD /* Debug */ = {
			isa = XCBuildConfiguration;
			baseConfigurationReference = 27E810A9ED1CA34D23D432E4 /* Pods-My Spotify.debug.xcconfig */;
			buildSettings = {
				ASSETCATALOG_COMPILER_APPICON_NAME = AppIcon;
				ASSETCATALOG_COMPILER_GLOBAL_ACCENT_COLOR_NAME = AccentColor;
				CODE_SIGN_STYLE = Automatic;
				CURRENT_PROJECT_VERSION = 1;
				GENERATE_INFOPLIST_FILE = YES;
				INFOPLIST_FILE = "My Spotify/Info.plist";
				INFOPLIST_KEY_CFBundleDisplayName = "My Spotify";
				INFOPLIST_KEY_LSApplicationCategoryType = "public.app-category.music";
				INFOPLIST_KEY_UIApplicationSupportsIndirectInputEvents = YES;
				INFOPLIST_KEY_UILaunchStoryboardName = LaunchScreen;
				INFOPLIST_KEY_UISupportedInterfaceOrientations_iPad = "UIInterfaceOrientationPortrait UIInterfaceOrientationPortraitUpsideDown UIInterfaceOrientationLandscapeLeft UIInterfaceOrientationLandscapeRight";
				INFOPLIST_KEY_UISupportedInterfaceOrientations_iPhone = "UIInterfaceOrientationPortrait UIInterfaceOrientationLandscapeLeft UIInterfaceOrientationLandscapeRight";
				LD_RUNPATH_SEARCH_PATHS = (
					"$(inherited)",
					"@executable_path/Frameworks",
				);
				MARKETING_VERSION = 1.0;
				PRODUCT_BUNDLE_IDENTIFIER = com.myspotify.MySpotify;
				PRODUCT_NAME = "$(TARGET_NAME)";
				SWIFT_EMIT_LOC_STRINGS = YES;
				SWIFT_VERSION = 5.0;
				TARGETED_DEVICE_FAMILY = "1,2";
			};
			name = Debug;
		};
		E8B376122A53F6BF006107FD /* Release */ = {
			isa = XCBuildConfiguration;
			baseConfigurationReference = 5D4E78549BF3E08923DAE99E /* Pods-My Spotify.release.xcconfig */;
			buildSettings = {
				ASSETCATALOG_COMPILER_APPICON_NAME = AppIcon;
				ASSETCATALOG_COMPILER_GLOBAL_ACCENT_COLOR_NAME = AccentColor;
				CODE_SIGN_STYLE = Automatic;
				CURRENT_PROJECT_VERSION = 1;
				GENERATE_INFOPLIST_FILE = YES;
				INFOPLIST_FILE = "My Spotify/Info.plist";
				INFOPLIST_KEY_CFBundleDisplayName = "My Spotify";
				INFOPLIST_KEY_LSApplicationCategoryType = "public.app-category.music";
				INFOPLIST_KEY_UIApplicationSupportsIndirectInputEvents = YES;
				INFOPLIST_KEY_UILaunchStoryboardName = LaunchScreen;
				INFOPLIST_KEY_UISupportedInterfaceOrientations_iPad = "UIInterfaceOrientationPortrait UIInterfaceOrientationPortraitUpsideDown UIInterfaceOrientationLandscapeLeft UIInterfaceOrientationLandscapeRight";
				INFOPLIST_KEY_UISupportedInterfaceOrientations_iPhone = "UIInterfaceOrientationPortrait UIInterfaceOrientationLandscapeLeft UIInterfaceOrientationLandscapeRight";
				LD_RUNPATH_SEARCH_PATHS = (
					"$(inherited)",
					"@executable_path/Frameworks",
				);
				MARKETING_VERSION = 1.0;
				PRODUCT_BUNDLE_IDENTIFIER = com.myspotify.MySpotify;
				PRODUCT_NAME = "$(TARGET_NAME)";
				SWIFT_EMIT_LOC_STRINGS = YES;
				SWIFT_VERSION = 5.0;
				TARGETED_DEVICE_FAMILY = "1,2";
			};
			name = Release;
		};
/* End XCBuildConfiguration section */

/* Begin XCConfigurationList section */
		E8B375F72A53F6BE006107FD /* Build configuration list for PBXProject "My Spotify" */ = {
			isa = XCConfigurationList;
			buildConfigurations = (
				E8B3760E2A53F6BF006107FD /* Debug */,
				E8B3760F2A53F6BF006107FD /* Release */,
			);
			defaultConfigurationIsVisible = 0;
			defaultConfigurationName = Release;
		};
		E8B376102A53F6BF006107FD /* Build configuration list for PBXNativeTarget "My Spotify" */ = {
			isa = XCConfigurationList;
			buildConfigurations = (
				E8B376112A53F6BF006107FD /* Debug */,
				E8B376122A53F6BF006107FD /* Release */,
			);
			defaultConfigurationIsVisible = 0;
			defaultConfigurationName = Release;
		};
/* End XCConfigurationList section */
	};
	rootObject = E8B375F42A53F6BE006107FD /* Project object */;
}
